{
  "version": 4,
  "terraform_version": "1.11.4",
  "serial": 903,
  "lineage": "0b87523d-db29-856c-6633-3eb50b00ab9b",
  "outputs": {
    "default_security_group_id": {
      "value": "igw-038b330c6782ddbe6",
      "type": "string"
    },
    "internet_gateway_id": {
      "value": [
        "subnet-0b1a220c335362e57",
        "subnet-02feb1be945075b18"
      ],
      "type": [
        "tuple",
        [
          "string",
          "string"
        ]
      ]
    },
    "private_subnet_ids": {
      "value": "vpc-090a82fe0050cada4",
      "type": "string"
    },
    "public_subnet_ids": {
      "value": [
        "subnet-0960a80fa17cce10a",
        "subnet-0c813c9107e5dce8a"
      ],
      "type": [
        "tuple",
        [
          "string",
          "string"
        ]
      ]
    },
    "vpc_id": {
      "value": "vpc-090a82fe0050cada4",
      "type": "string"
    }
  },
  "resources": [
    {
      "mode": "data",
      "type": "aws_iam_policy_document",
      "name": "eks_assume",
      "provider": "provider[\"registry.terraform.io/hashicorp/aws\"]",
      "instances": [
        {
          "schema_version": 0,
          "attributes": {
            "id": "3552664922",
            "json": "{\n  \"Version\": \"2012-10-17\",\n  \"Statement\": [\n    {\n      \"Effect\": \"Allow\",\n      \"Action\": \"sts:AssumeRole\",\n      \"Principal\": {\n        \"Service\": \"eks.amazonaws.com\"\n      }\n    }\n  ]\n}",
            "minified_json": "{\"Version\":\"2012-10-17\",\"Statement\":[{\"Effect\":\"Allow\",\"Action\":\"sts:AssumeRole\",\"Principal\":{\"Service\":\"eks.amazonaws.com\"}}]}",
            "override_json": null,
            "override_policy_documents": null,
            "policy_id": null,
            "source_json": null,
            "source_policy_documents": null,
            "statement": [
              {
                "actions": [
                  "sts:AssumeRole"
                ],
                "condition": [],
                "effect": "Allow",
                "not_actions": [],
                "not_principals": [],
                "not_resources": [],
                "principals": [
                  {
                    "identifiers": [
                      "eks.amazonaws.com"
                    ],
                    "type": "Service"
                  }
                ],
                "resources": [],
                "sid": ""
              }
            ],
            "version": "2012-10-17"
          },
          "sensitive_attributes": []
        }
      ]
    },
    {
      "mode": "data",
      "type": "aws_iam_policy_document",
      "name": "eks_node_assume",
      "provider": "provider[\"registry.terraform.io/hashicorp/aws\"]",
      "instances": [
        {
          "schema_version": 0,
          "attributes": {
            "id": "2851119427",
            "json": "{\n  \"Version\": \"2012-10-17\",\n  \"Statement\": [\n    {\n      \"Effect\": \"Allow\",\n      \"Action\": \"sts:AssumeRole\",\n      \"Principal\": {\n        \"Service\": \"ec2.amazonaws.com\"\n      }\n    }\n  ]\n}",
            "minified_json": "{\"Version\":\"2012-10-17\",\"Statement\":[{\"Effect\":\"Allow\",\"Action\":\"sts:AssumeRole\",\"Principal\":{\"Service\":\"ec2.amazonaws.com\"}}]}",
            "override_json": null,
            "override_policy_documents": null,
            "policy_id": null,
            "source_json": null,
            "source_policy_documents": null,
            "statement": [
              {
                "actions": [
                  "sts:AssumeRole"
                ],
                "condition": [],
                "effect": "Allow",
                "not_actions": [],
                "not_principals": [],
                "not_resources": [],
                "principals": [
                  {
                    "identifiers": [
                      "ec2.amazonaws.com"
                    ],
                    "type": "Service"
                  }
                ],
                "resources": [],
                "sid": ""
              }
            ],
            "version": "2012-10-17"
          },
          "sensitive_attributes": []
        }
      ]
    },
    {
      "mode": "managed",
      "type": "aws_iam_role",
      "name": "eks_cluster_role",
      "provider": "provider[\"registry.terraform.io/hashicorp/aws\"]",
      "instances": [
        {
          "schema_version": 0,
          "attributes": {
            "arn": "arn:aws:iam::689890720727:role/da_vpc-eks-cluster-role",
            "assume_role_policy": "{\"Statement\":[{\"Action\":\"sts:AssumeRole\",\"Effect\":\"Allow\",\"Principal\":{\"Service\":\"eks.amazonaws.com\"}}],\"Version\":\"2012-10-17\"}",
            "create_date": "2025-05-19T06:20:25Z",
            "description": "",
            "force_detach_policies": false,
            "id": "da_vpc-eks-cluster-role",
            "inline_policy": [],
            "managed_policy_arns": [
              "arn:aws:iam::aws:policy/AmazonEKSClusterPolicy",
              "arn:aws:iam::aws:policy/AmazonEKSVPCResourceController"
            ],
            "max_session_duration": 3600,
            "name": "da_vpc-eks-cluster-role",
            "name_prefix": "",
            "path": "/",
            "permissions_boundary": "",
            "tags": {},
            "tags_all": {},
            "unique_id": "AROA2BIFQ7PLQP4LOLNSU"
          },
          "sensitive_attributes": [],
          "private": "bnVsbA==",
          "dependencies": [
            "data.aws_iam_policy_document.eks_assume"
          ]
        }
      ]
    },
    {
      "mode": "managed",
      "type": "aws_iam_role",
      "name": "eks_node_role",
      "provider": "provider[\"registry.terraform.io/hashicorp/aws\"]",
      "instances": [
        {
          "schema_version": 0,
          "attributes": {
            "arn": "arn:aws:iam::689890720727:role/da_vpc-eks-node-role",
            "assume_role_policy": "{\"Statement\":[{\"Action\":\"sts:AssumeRole\",\"Effect\":\"Allow\",\"Principal\":{\"Service\":\"ec2.amazonaws.com\"}}],\"Version\":\"2012-10-17\"}",
            "create_date": "2025-05-19T06:20:25Z",
            "description": "",
            "force_detach_policies": false,
            "id": "da_vpc-eks-node-role",
            "inline_policy": [],
            "managed_policy_arns": [
              "arn:aws:iam::aws:policy/AmazonEC2ContainerRegistryReadOnly",
              "arn:aws:iam::aws:policy/AmazonEKSWorkerNodePolicy",
              "arn:aws:iam::aws:policy/AmazonEKS_CNI_Policy"
            ],
            "max_session_duration": 3600,
            "name": "da_vpc-eks-node-role",
            "name_prefix": "",
            "path": "/",
            "permissions_boundary": "",
            "tags": {},
            "tags_all": {},
            "unique_id": "AROA2BIFQ7PL5QMVZDB2L"
          },
          "sensitive_attributes": [],
          "private": "bnVsbA==",
          "dependencies": [
            "data.aws_iam_policy_document.eks_node_assume"
          ]
        }
      ]
    },
    {
      "mode": "managed",
      "type": "aws_iam_role_policy_attachment",
      "name": "eks_cluster_AmazonEKSClusterPolicy",
      "provider": "provider[\"registry.terraform.io/hashicorp/aws\"]",
      "instances": [
        {
          "schema_version": 0,
          "attributes": {
            "id": "da_vpc-eks-cluster-role-20250519062027297500000004",
            "policy_arn": "arn:aws:iam::aws:policy/AmazonEKSClusterPolicy",
            "role": "da_vpc-eks-cluster-role"
          },
          "sensitive_attributes": [],
          "private": "bnVsbA==",
          "dependencies": [
            "aws_iam_role.eks_cluster_role",
            "data.aws_iam_policy_document.eks_assume"
          ]
        }
      ]
    },
    {
      "mode": "managed",
      "type": "aws_iam_role_policy_attachment",
      "name": "eks_cluster_AmazonEKSVPCResourceController",
      "provider": "provider[\"registry.terraform.io/hashicorp/aws\"]",
      "instances": [
        {
          "schema_version": 0,
          "attributes": {
            "id": "da_vpc-eks-cluster-role-20250519062027645800000005",
            "policy_arn": "arn:aws:iam::aws:policy/AmazonEKSVPCResourceController",
            "role": "da_vpc-eks-cluster-role"
          },
          "sensitive_attributes": [],
          "private": "bnVsbA==",
          "dependencies": [
            "aws_iam_role.eks_cluster_role",
            "data.aws_iam_policy_document.eks_assume"
          ]
        }
      ]
    },
    {
      "mode": "managed",
      "type": "aws_iam_role_policy_attachment",
      "name": "eks_node_AmazonEC2ContainerRegistryReadOnly",
      "provider": "provider[\"registry.terraform.io/hashicorp/aws\"]",
      "instances": [
        {
          "schema_version": 0,
          "attributes": {
            "id": "da_vpc-eks-node-role-20250519062026975600000001",
            "policy_arn": "arn:aws:iam::aws:policy/AmazonEC2ContainerRegistryReadOnly",
            "role": "da_vpc-eks-node-role"
          },
          "sensitive_attributes": [],
          "private": "bnVsbA==",
          "dependencies": [
            "aws_iam_role.eks_node_role",
            "data.aws_iam_policy_document.eks_node_assume"
          ]
        }
      ]
    },
    {
      "mode": "managed",
      "type": "aws_iam_role_policy_attachment",
      "name": "eks_node_AmazonEKSWorkerNodePolicy",
      "provider": "provider[\"registry.terraform.io/hashicorp/aws\"]",
      "instances": [
        {
          "schema_version": 0,
          "attributes": {
            "id": "da_vpc-eks-node-role-20250519062027296400000003",
            "policy_arn": "arn:aws:iam::aws:policy/AmazonEKSWorkerNodePolicy",
            "role": "da_vpc-eks-node-role"
          },
          "sensitive_attributes": [],
          "private": "bnVsbA==",
          "dependencies": [
            "aws_iam_role.eks_node_role",
            "data.aws_iam_policy_document.eks_node_assume"
          ]
        }
      ]
    },
    {
      "mode": "managed",
      "type": "aws_iam_role_policy_attachment",
      "name": "eks_node_AmazonEKS_CNI_Policy",
      "provider": "provider[\"registry.terraform.io/hashicorp/aws\"]",
      "instances": [
        {
          "schema_version": 0,
          "attributes": {
            "id": "da_vpc-eks-node-role-20250519062026982300000002",
            "policy_arn": "arn:aws:iam::aws:policy/AmazonEKS_CNI_Policy",
            "role": "da_vpc-eks-node-role"
          },
          "sensitive_attributes": [],
          "private": "bnVsbA==",
          "dependencies": [
            "aws_iam_role.eks_node_role",
            "data.aws_iam_policy_document.eks_node_assume"
          ]
        }
      ]
    },
    {
      "mode": "managed",
      "type": "aws_key_pair",
      "name": "ec2_keypair",
      "provider": "provider[\"registry.terraform.io/hashicorp/aws\"]",
      "instances": [
        {
          "schema_version": 1,
          "attributes": {
            "arn": "arn:aws:ec2:ap-southeast-1:689890720727:key-pair/ec2_keypair",
            "fingerprint": "b8:5c:b8:57:bf:80:ef:07:1f:b1:f6:4c:05:c4:7d:dd",
            "id": "ec2_keypair",
            "key_name": "ec2_keypair",
            "key_name_prefix": "",
            "key_pair_id": "key-072187cd9a8f61772",
            "key_type": "rsa",
            "public_key": "ssh-rsa AAAAB3NzaC1yc2EAAAADAQABAAACAQDN3Ybu50TGl6W6AqwM7zHyYrO1Q7y/S5ftwmyn4UoKKjImH5d2X4PxkJC7KKyDYMzILdr6zodkl9RXGYDMpOqu55KqgfqZMVwsSakdkEfYSA0F3J/FiCCzqiFeIq33LlDs8/YSYYpSi5VtIxtS/19dzBQ2ubqhFDovN+qFBtiif2Ndyl6VhhAU+xVTLleGJX6tKvSnXCMbed+bSiN1QWIIrloZYWHehQiEMqHGci+qIHsN9hSRkA6X8jwlSultlTTCbeM3d97f3AgFycMAthIZ11KweIMDvmoH9nm8Mksgu1Pgf1fKf4ch3RqrGJKf5Fq5UsVQqVGbOBji/yn6DU8hFsEjRjf3TUVrMXSblDYX2K487wLFKLdlBzwsVhhqMtwoENPJVqvr1mvvaiyn6MwDr//Aiu5ilhTj8F9O5VMLqe6EduSluX1581B59vEqEcWKqd9xmrHZHOd3uRQoBO0gtaYJ4nbasdkFUBgR2gq15mKgebk7y2x9rjuIoVf2OseEBBblHId/Gb1QX9OmbZTt8COLPqJoUnnt19ssm74SHqVAkTEMRJ3YuJlnNki2aQ/ni6S7OQax77STnPrmDEQ7++uwAtCy03v4jeYqm2hgzP/TA93hXMdeTJZDiIqw3UW+TpkwUlnWNgX9q9pDfjy/e38hN8fcXw+WS3mpyEb3KQ==",
            "tags": {},
            "tags_all": {}
          },
          "sensitive_attributes": [],
          "private": "eyJzY2hlbWFfdmVyc2lvbiI6IjEifQ==",
          "dependencies": [
            "tls_private_key.ssh"
          ]
        }
      ]
    },
    {
      "mode": "managed",
      "type": "aws_security_group_rule",
      "name": "allow_ec2_to_eks",
      "provider": "provider[\"registry.terraform.io/hashicorp/aws\"]",
      "instances": [
        {
          "schema_version": 2,
          "attributes": {
            "cidr_blocks": null,
            "description": null,
            "from_port": 443,
            "id": "sgrule-3776735662",
            "ipv6_cidr_blocks": null,
            "prefix_list_ids": null,
            "protocol": "tcp",
            "security_group_id": "sg-02b7079f437e4ff88",
            "security_group_rule_id": "sgr-01ee544ce48b5db3c",
            "self": false,
            "source_security_group_id": "sg-09cc8eb4327d7dafa",
            "timeouts": null,
            "to_port": 443,
            "type": "egress"
          },
          "sensitive_attributes": [],
          "private": "eyJlMmJmYjczMC1lY2FhLTExZTYtOGY4OC0zNDM2M2JjN2M0YzAiOnsiY3JlYXRlIjozMDAwMDAwMDAwMDB9LCJzY2hlbWFfdmVyc2lvbiI6IjIifQ==",
          "dependencies": [
            "module.eks.aws_security_group.eks_cluster_sg",
            "module.security_groups.aws_security_group.public",
            "module.vpc.aws_vpc.vpc"
          ]
        }
      ]
    },
    {
      "mode": "managed",
      "type": "aws_security_group_rule",
      "name": "allow_eks_to_ec2",
      "provider": "provider[\"registry.terraform.io/hashicorp/aws\"]",
      "instances": [
        {
          "schema_version": 2,
          "attributes": {
            "cidr_blocks": null,
            "description": null,
            "from_port": 443,
            "id": "sgrule-2975124098",
            "ipv6_cidr_blocks": null,
            "prefix_list_ids": null,
            "protocol": "tcp",
            "security_group_id": "sg-09cc8eb4327d7dafa",
            "security_group_rule_id": "sgr-08597f1edeb45878d",
            "self": false,
            "source_security_group_id": "sg-02b7079f437e4ff88",
            "timeouts": null,
            "to_port": 443,
            "type": "ingress"
          },
          "sensitive_attributes": [],
          "private": "eyJlMmJmYjczMC1lY2FhLTExZTYtOGY4OC0zNDM2M2JjN2M0YzAiOnsiY3JlYXRlIjozMDAwMDAwMDAwMDB9LCJzY2hlbWFfdmVyc2lvbiI6IjIifQ==",
          "dependencies": [
            "module.eks.aws_security_group.eks_cluster_sg",
            "module.security_groups.aws_security_group.public",
            "module.vpc.aws_vpc.vpc"
          ]
        }
      ]
    },
    {
      "mode": "managed",
      "type": "local_file",
      "name": "private_ec2_key",
      "provider": "provider[\"registry.terraform.io/hashicorp/local\"]",
      "instances": [
        {
          "schema_version": 0,
          "attributes": {
            "content": "-----BEGIN RSA PRIVATE KEY-----\nMIIJKQIBAAKCAgEAzd2G7udExpelugKsDO8x8mKztUO8v0uX7cJsp+FKCioyJh+X\ndl+D8ZCQuyisg2DMyC3a+s6HZJfUVxmAzKTqrueSqoH6mTFcLEmpHZBH2EgNBdyf\nxYggs6ohXiKt9y5Q7PP2EmGKUouVbSMbUv9fXcwUNrm6oRQ6LzfqhQbYon9jXcpe\nlYYQFPsVUy5XhiV+rSr0p1wjG3nfm0ojdUFiCK5aGWFh3oUIhDKhxnIvqiB7DfYU\nkZAOl/I8JUrpbZU0wm3jN3fe39wIBcnDALYSGddSsHiDA75qB/Z5vDJLILtT4H9X\nyn+HId0aqxiSn+RauVLFUKlRmzgY4v8p+g1PIRbBI0Y3901FazF0m5Q2F9iuPO8C\nxSi3ZQc8LFYYajLcKBDTyVar69Zr72osp+jMA6//wIruYpYU4/BfTuVTC6nuhHbk\npbl9efNQefbxKhHFiqnfcZqx2Rznd7kUKATtILWmCeJ22rHZBVAYEdoKteZioHm5\nO8tsfa47iKFX9jrHhAQW5RyHfxm9UF/Tpm2U7fAjiz6iaFJ57dfbLJu+Eh6lQJEx\nDESd2LiZZzZItmkP54ukuzkGse+0k5z65gxEO/vrsALQstN7+I3mKptoYMz/0wPd\n4VzHXkyWQ4iKsN1Fvk6ZMFJZ1jYF/avaQ348v3t/ITfH3F8Plkt5qchG9ykCAwEA\nAQKCAgBH7DPWpozkNxoK5SEX+b+A99PiKdK5IJ9pTSpp8q9L4tcXc6UWkaNG06OF\nB95RnhGdhEvDoUEzN0pTzdCubpWhWr1mfbfAKrsRrAB+GCjJms6V9DELsZX/Pxqe\nSU5vE8rpJgib/mD1mtevQ/spYZf/bKvJPNVDro3vbkEsjapFB21/WJL3+VkIA3q9\nT2z7rIDX3jCQggOv90HUfq/pqNinwMYwpNGtDNxfV1MmwkD91pA3XfhsrKA0nMg/\nnS71fpHqtbqS5/nBSx2wa/+JcZLcXVqB1fCr76wasRVx1z5hJqFUxxi0Yh6jiZxm\nF1UusHiz04OlPSqKKKylLdGMD3dLrrfvJjIQKADwjuYltsITcc+E2jWSjLpJRwMX\n04x44Z02tK+2MQXvGqheFytDftXQ/7QbpZvQfrq+FJiQBzPxYBl8a8z/z9CRTPtb\nxvQKhMAUCh23G3Jm0Faep18FtUPla+NBnPq9llJvq+VAKKH+wUGLmIzVfDifQQI0\nNQVtFIYVBHKFxZDyb2S4ISLtVtsijerQ+iO5pNWORLicPijpCI6lt/W6sOogU4fT\nvTRoSOyIuqV5Wk6SNzw4aps8Gz3tjW7gDDrnJijiGpYe3Qt61VotRC/OqPAbnFcZ\nl4vFrsDAFFarvc+dFyxvNB3iw8QxuyrND/NGESHaif6wtLO9QwKCAQEA+PZ4ulsP\n4DF7yS18nIRjPWxJibAPek2FYWT+Xg9uDlH79CuM0Ci2PSOyg1l8uqniAQRcbbjR\nn8jDNBuy2rZ9n3fX/GlYzqj8LfXd7p7aksBXxkMSh7iQh05lDdCw7SH3lCMOfSzH\nbYUvYgFdISEeS7c1HrLhdS2CLQYTyxy7HHb+OW1v1py0LPDhlG0FUMf4sd/J9lRy\ngO4ADv1XrvRiMpSDh370XGKNyq7BIRYNO7HeJugjvjy9rZmnWYZlQVKSCp7+j8VS\nICBM9Ofn4rB7NccMAUuTVV1HQnvtbhdBOFwZ2BQK8e7edmtqJppoE24MGWOmr5HV\nosS7jOAufMsoKwKCAQEA068yUuq/V6SvoOlef2RD7wp8oZ8nuLlbhYYnjK92IomN\nxXQvkeYS3s3sXzWp4/k5G2I9JZKn8CPEerFon7Iqlm/ZAKg3xWA6HC0fkg24+NsY\nLRZ9mILMWMfv5w5jqcYcR/L2eTcPyIz94XdspZzfBLXGPigrLQbpSMNmMALj15EI\n+wpkikYYOwAmKn+EmTKqJxl/oSwlf4iYiK9PHce5CldAmE6EFbpl+U1u6Tpb4Yky\nwTGQkRnVsTV/cuSwN1XbWKTgPVl1uD/SWyT2njGbMiXQQg+AwNaqa0iY8h+cikrE\nEHnokJMvnvvT6OzAfgWhuvom3/nlY9Y4eAYq3Jw/+wKCAQBZQr0sS4PYpMU17uoT\nj9+o4Q9In2gdOHgO4E/W139lAP3toEOfSkl0iDzznPz8S/Zs2Oxupmn5+NgL8bZh\ndjZ6G1TD+d1OUwX/UHyeljPVk8Kkod2d7Y1cBb5zgpQ8oQYMBbmnJYvm925ym/yQ\n6Tfce7Y+6HGvOn7Gt7wXAZkQbpVdb6A+ePacekzWk3Ppb5j55Tua5tIa6bn5pdlv\nL82ZRugVh24DRY6C0b8KpsZd1brJhkdyaIK1IDcBAQ+CqSEVT8YDNALq48nTsOXR\nv+ac9F2YhUkwvP3Ul2wcIZhPpa3aa+00qqj2GjL33jpcZQNPgwv7PLU044Y+zw27\nznb7AoIBAQClpAfK3inPmOxdC3+IS5rk593SUkmwwEofV3SHH51fNSechGfc0J2f\nfp8heUpxO0k2Zk7WocWLoVFTeJMXs0Cj6u1xGDBb4ApYle6ISPieskJetaSdvGvO\nZNUShi3yYTUsD7BR9YYCNmFLFjoL9Y6Fjv+LD7+JQkk1SMEjfH9w5OqUFfPKR0Ma\nl+lFg/bsMbr3UXqPUY4eF3LUMenEsc3Xi6LeC0JMBklZJQBOu/29o6/1gKVRBVgz\njFsoOk6xXht/Z7SYDPKStE4UR/46lzKLsQ8fQiZLvy4nOO2FOLszc4GsKtiSmLnA\nu+l78BZIBnwhZTEaPd8DmlMhiCHt8s4VAoIBAQCGnzpq5jNeYf8CkrpkyJDw+8YE\n1ppXdwo64MoI/gm2tqLFPL+23skj7A1dzFekCEcF68P2kLthavcowWRTuW+blNmW\natJJEMgbK/8J3OHzu1KjUONBjIa+6PLJdAAC7qOx15SNZ+wAiMoG6hkw4uYdY5kQ\nPlsjd0b6kMaNxrYnUVIfrdh+hQbU3N/djALFmpP5ScAPzbPHR47mFA686a7362la\nPi+M/qbIBs/Yy37WDQDUvqbuIId0+1dya353mnm1KKh1j/5rii7/rSifv+ZNMtCa\n4xatluE40RARD8IPLvd8typu08s48VcFLYxKYjR5fjZbEox08SMDIIrQVMGk\n-----END RSA PRIVATE KEY-----\n",
            "content_base64": null,
            "content_base64sha256": "od39bxT67yV4tNLndUQRYZ8xUij/WqWN8LPbjTgRc70=",
            "content_base64sha512": "nTUaVI14JZJVU6VQtnMeZJRf70wFyXQ9HRX6nUtUoXHOh3OOy+1/mVdkjIu7WGr/jnQQZosdOR45PsQ/5SRiIQ==",
            "content_md5": "12fb0151b90bf433cf0748b07e084335",
            "content_sha1": "feb12e2ab6a8c83ebb008811a7a10bff25bace32",
            "content_sha256": "a1ddfd6f14faef2578b4d2e7754411619f315228ff5aa58df0b3db8d381173bd",
            "content_sha512": "9d351a548d7825925553a550b6731e64945fef4c05c9743d1d15fa9d4b54a171ce87738ecbed7f9957648c8bbb586aff8e7410668b1d391e393ec43fe5246221",
            "directory_permission": "700",
            "file_permission": "600",
            "filename": "private_ec2_key.pem",
            "id": "feb12e2ab6a8c83ebb008811a7a10bff25bace32",
            "sensitive_content": null,
            "source": null
          },
          "sensitive_attributes": [
            [
              {
                "type": "get_attr",
                "value": "content"
              }
            ],
            [
              {
                "type": "get_attr",
                "value": "sensitive_content"
              }
            ]
          ],
          "dependencies": [
            "tls_private_key.ssh"
          ]
        }
      ]
    },
    {
      "mode": "managed",
      "type": "tls_private_key",
      "name": "ssh",
      "provider": "provider[\"registry.terraform.io/hashicorp/tls\"]",
      "instances": [
        {
          "schema_version": 1,
          "attributes": {
            "algorithm": "RSA",
            "ecdsa_curve": "P224",
            "id": "49f571c1183e65cf8fc1cf46c8ba93acfb206c18",
            "private_key_openssh": "-----BEGIN OPENSSH PRIVATE KEY-----\nb3BlbnNzaC1rZXktdjEAAAAABG5vbmUAAAAEbm9uZQAAAAAAAAABAAACFwAAAAdz\nc2gtcnNhAAAAAwEAAQAAAgEAzd2G7udExpelugKsDO8x8mKztUO8v0uX7cJsp+FK\nCioyJh+Xdl+D8ZCQuyisg2DMyC3a+s6HZJfUVxmAzKTqrueSqoH6mTFcLEmpHZBH\n2EgNBdyfxYggs6ohXiKt9y5Q7PP2EmGKUouVbSMbUv9fXcwUNrm6oRQ6LzfqhQbY\non9jXcpelYYQFPsVUy5XhiV+rSr0p1wjG3nfm0ojdUFiCK5aGWFh3oUIhDKhxnIv\nqiB7DfYUkZAOl/I8JUrpbZU0wm3jN3fe39wIBcnDALYSGddSsHiDA75qB/Z5vDJL\nILtT4H9Xyn+HId0aqxiSn+RauVLFUKlRmzgY4v8p+g1PIRbBI0Y3901FazF0m5Q2\nF9iuPO8CxSi3ZQc8LFYYajLcKBDTyVar69Zr72osp+jMA6//wIruYpYU4/BfTuVT\nC6nuhHbkpbl9efNQefbxKhHFiqnfcZqx2Rznd7kUKATtILWmCeJ22rHZBVAYEdoK\nteZioHm5O8tsfa47iKFX9jrHhAQW5RyHfxm9UF/Tpm2U7fAjiz6iaFJ57dfbLJu+\nEh6lQJExDESd2LiZZzZItmkP54ukuzkGse+0k5z65gxEO/vrsALQstN7+I3mKpto\nYMz/0wPd4VzHXkyWQ4iKsN1Fvk6ZMFJZ1jYF/avaQ348v3t/ITfH3F8Plkt5qchG\n9ykAAAc4Q3gNwEN4DcAAAAAHc3NoLXJzYQAAAgEAzd2G7udExpelugKsDO8x8mKz\ntUO8v0uX7cJsp+FKCioyJh+Xdl+D8ZCQuyisg2DMyC3a+s6HZJfUVxmAzKTqrueS\nqoH6mTFcLEmpHZBH2EgNBdyfxYggs6ohXiKt9y5Q7PP2EmGKUouVbSMbUv9fXcwU\nNrm6oRQ6LzfqhQbYon9jXcpelYYQFPsVUy5XhiV+rSr0p1wjG3nfm0ojdUFiCK5a\nGWFh3oUIhDKhxnIvqiB7DfYUkZAOl/I8JUrpbZU0wm3jN3fe39wIBcnDALYSGddS\nsHiDA75qB/Z5vDJLILtT4H9Xyn+HId0aqxiSn+RauVLFUKlRmzgY4v8p+g1PIRbB\nI0Y3901FazF0m5Q2F9iuPO8CxSi3ZQc8LFYYajLcKBDTyVar69Zr72osp+jMA6//\nwIruYpYU4/BfTuVTC6nuhHbkpbl9efNQefbxKhHFiqnfcZqx2Rznd7kUKATtILWm\nCeJ22rHZBVAYEdoKteZioHm5O8tsfa47iKFX9jrHhAQW5RyHfxm9UF/Tpm2U7fAj\niz6iaFJ57dfbLJu+Eh6lQJExDESd2LiZZzZItmkP54ukuzkGse+0k5z65gxEO/vr\nsALQstN7+I3mKptoYMz/0wPd4VzHXkyWQ4iKsN1Fvk6ZMFJZ1jYF/avaQ348v3t/\nITfH3F8Plkt5qchG9ykAAAADAQABAAACAEfsM9amjOQ3GgrlIRf5v4D30+Ip0rkg\nn2lNKmnyr0vi1xdzpRaRo0bTo4UH3lGeEZ2ES8OhQTM3SlPN0K5ulaFavWZ9t8Aq\nuxGsAH4YKMmazpX0MQuxlf8/Gp5JTm8TyukmCJv+YPWa169D+ylhl/9sq8k81UOu\nje9uQSyNqkUHbX9Ykvf5WQgDer1PbPusgNfeMJCCA6/3QdR+r+mo2KfAxjCk0a0M\n3F9XUybCQP3WkDdd+GysoDScyD+dLvV+keq1upLn+cFLHbBr/4lxktxdWoHV8Kvv\nrBqxFXHXPmEmoVTHGLRiHqOJnGYXVS6weLPTg6U9KooorKUt0YwPd0uut+8mMhAo\nAPCO5iW2whNxz4TaNZKMuklHAxfTjHjhnTa0r7YxBe8aqF4XK0N+1dD/tBulm9B+\nur4UmJAHM/FgGXxrzP/P0JFM+1vG9AqEwBQKHbcbcmbQVp6nXwW1Q+Vr40Gc+r2W\nUm+r5UAoof7BQYuYjNV8OJ9BAjQ1BW0UhhUEcoXFkPJvZLghIu1W2yKN6tD6I7mk\n1Y5EuJw+KOkIjqW39bqw6iBTh9O9NGhI7Ii6pXlaTpI3PDhqmzwbPe2NbuAMOucm\nKOIalh7dC3rVWi1EL86o8BucVxmXi8WuwMAUVqu9z50XLG80HeLDxDG7Ks0P80YR\nIdqJ/rC0s71DAAABAQCGnzpq5jNeYf8CkrpkyJDw+8YE1ppXdwo64MoI/gm2tqLF\nPL+23skj7A1dzFekCEcF68P2kLthavcowWRTuW+blNmWatJJEMgbK/8J3OHzu1Kj\nUONBjIa+6PLJdAAC7qOx15SNZ+wAiMoG6hkw4uYdY5kQPlsjd0b6kMaNxrYnUVIf\nrdh+hQbU3N/djALFmpP5ScAPzbPHR47mFA686a7362laPi+M/qbIBs/Yy37WDQDU\nvqbuIId0+1dya353mnm1KKh1j/5rii7/rSifv+ZNMtCa4xatluE40RARD8IPLvd8\ntypu08s48VcFLYxKYjR5fjZbEox08SMDIIrQVMGkAAABAQD49ni6Ww/gMXvJLXyc\nhGM9bEmJsA96TYVhZP5eD24OUfv0K4zQKLY9I7KDWXy6qeIBBFxtuNGfyMM0G7La\ntn2fd9f8aVjOqPwt9d3untqSwFfGQxKHuJCHTmUN0LDtIfeUIw59LMdthS9iAV0h\nIR5LtzUesuF1LYItBhPLHLscdv45bW/WnLQs8OGUbQVQx/ix38n2VHKA7gAO/Veu\n9GIylIOHfvRcYo3KrsEhFg07sd4m6CO+PL2tmadZhmVBUpIKnv6PxVIgIEz05+fi\nsHs1xwwBS5NVXUdCe+1uF0E4XBnYFArx7t52a2ommmgTbgwZY6avkdWixLuM4C58\nyygrAAABAQDTrzJS6r9XpK+g6V5/ZEPvCnyhnye4uVuFhieMr3YiiY3FdC+R5hLe\nzexfNanj+TkbYj0lkqfwI8R6sWifsiqWb9kAqDfFYDocLR+SDbj42xgtFn2YgsxY\nx+/nDmOpxhxH8vZ5Nw/IjP3hd2ylnN8EtcY+KCstBulIw2YwAuPXkQj7CmSKRhg7\nACYqf4SZMqonGX+hLCV/iJiIr08dx7kKV0CYToQVumX5TW7pOlvhiTLBMZCRGdWx\nNX9y5LA3VdtYpOA9WXW4P9JbJPaeMZsyJdBCD4DA1qprSJjyH5yKSsQQeeiQky+e\n+9Po7MB+BaG6+ibf+eVj1jh4BircnD/7AAAAAAEC\n-----END OPENSSH PRIVATE KEY-----\n",
            "private_key_pem": "-----BEGIN RSA PRIVATE KEY-----\nMIIJKQIBAAKCAgEAzd2G7udExpelugKsDO8x8mKztUO8v0uX7cJsp+FKCioyJh+X\ndl+D8ZCQuyisg2DMyC3a+s6HZJfUVxmAzKTqrueSqoH6mTFcLEmpHZBH2EgNBdyf\nxYggs6ohXiKt9y5Q7PP2EmGKUouVbSMbUv9fXcwUNrm6oRQ6LzfqhQbYon9jXcpe\nlYYQFPsVUy5XhiV+rSr0p1wjG3nfm0ojdUFiCK5aGWFh3oUIhDKhxnIvqiB7DfYU\nkZAOl/I8JUrpbZU0wm3jN3fe39wIBcnDALYSGddSsHiDA75qB/Z5vDJLILtT4H9X\nyn+HId0aqxiSn+RauVLFUKlRmzgY4v8p+g1PIRbBI0Y3901FazF0m5Q2F9iuPO8C\nxSi3ZQc8LFYYajLcKBDTyVar69Zr72osp+jMA6//wIruYpYU4/BfTuVTC6nuhHbk\npbl9efNQefbxKhHFiqnfcZqx2Rznd7kUKATtILWmCeJ22rHZBVAYEdoKteZioHm5\nO8tsfa47iKFX9jrHhAQW5RyHfxm9UF/Tpm2U7fAjiz6iaFJ57dfbLJu+Eh6lQJEx\nDESd2LiZZzZItmkP54ukuzkGse+0k5z65gxEO/vrsALQstN7+I3mKptoYMz/0wPd\n4VzHXkyWQ4iKsN1Fvk6ZMFJZ1jYF/avaQ348v3t/ITfH3F8Plkt5qchG9ykCAwEA\nAQKCAgBH7DPWpozkNxoK5SEX+b+A99PiKdK5IJ9pTSpp8q9L4tcXc6UWkaNG06OF\nB95RnhGdhEvDoUEzN0pTzdCubpWhWr1mfbfAKrsRrAB+GCjJms6V9DELsZX/Pxqe\nSU5vE8rpJgib/mD1mtevQ/spYZf/bKvJPNVDro3vbkEsjapFB21/WJL3+VkIA3q9\nT2z7rIDX3jCQggOv90HUfq/pqNinwMYwpNGtDNxfV1MmwkD91pA3XfhsrKA0nMg/\nnS71fpHqtbqS5/nBSx2wa/+JcZLcXVqB1fCr76wasRVx1z5hJqFUxxi0Yh6jiZxm\nF1UusHiz04OlPSqKKKylLdGMD3dLrrfvJjIQKADwjuYltsITcc+E2jWSjLpJRwMX\n04x44Z02tK+2MQXvGqheFytDftXQ/7QbpZvQfrq+FJiQBzPxYBl8a8z/z9CRTPtb\nxvQKhMAUCh23G3Jm0Faep18FtUPla+NBnPq9llJvq+VAKKH+wUGLmIzVfDifQQI0\nNQVtFIYVBHKFxZDyb2S4ISLtVtsijerQ+iO5pNWORLicPijpCI6lt/W6sOogU4fT\nvTRoSOyIuqV5Wk6SNzw4aps8Gz3tjW7gDDrnJijiGpYe3Qt61VotRC/OqPAbnFcZ\nl4vFrsDAFFarvc+dFyxvNB3iw8QxuyrND/NGESHaif6wtLO9QwKCAQEA+PZ4ulsP\n4DF7yS18nIRjPWxJibAPek2FYWT+Xg9uDlH79CuM0Ci2PSOyg1l8uqniAQRcbbjR\nn8jDNBuy2rZ9n3fX/GlYzqj8LfXd7p7aksBXxkMSh7iQh05lDdCw7SH3lCMOfSzH\nbYUvYgFdISEeS7c1HrLhdS2CLQYTyxy7HHb+OW1v1py0LPDhlG0FUMf4sd/J9lRy\ngO4ADv1XrvRiMpSDh370XGKNyq7BIRYNO7HeJugjvjy9rZmnWYZlQVKSCp7+j8VS\nICBM9Ofn4rB7NccMAUuTVV1HQnvtbhdBOFwZ2BQK8e7edmtqJppoE24MGWOmr5HV\nosS7jOAufMsoKwKCAQEA068yUuq/V6SvoOlef2RD7wp8oZ8nuLlbhYYnjK92IomN\nxXQvkeYS3s3sXzWp4/k5G2I9JZKn8CPEerFon7Iqlm/ZAKg3xWA6HC0fkg24+NsY\nLRZ9mILMWMfv5w5jqcYcR/L2eTcPyIz94XdspZzfBLXGPigrLQbpSMNmMALj15EI\n+wpkikYYOwAmKn+EmTKqJxl/oSwlf4iYiK9PHce5CldAmE6EFbpl+U1u6Tpb4Yky\nwTGQkRnVsTV/cuSwN1XbWKTgPVl1uD/SWyT2njGbMiXQQg+AwNaqa0iY8h+cikrE\nEHnokJMvnvvT6OzAfgWhuvom3/nlY9Y4eAYq3Jw/+wKCAQBZQr0sS4PYpMU17uoT\nj9+o4Q9In2gdOHgO4E/W139lAP3toEOfSkl0iDzznPz8S/Zs2Oxupmn5+NgL8bZh\ndjZ6G1TD+d1OUwX/UHyeljPVk8Kkod2d7Y1cBb5zgpQ8oQYMBbmnJYvm925ym/yQ\n6Tfce7Y+6HGvOn7Gt7wXAZkQbpVdb6A+ePacekzWk3Ppb5j55Tua5tIa6bn5pdlv\nL82ZRugVh24DRY6C0b8KpsZd1brJhkdyaIK1IDcBAQ+CqSEVT8YDNALq48nTsOXR\nv+ac9F2YhUkwvP3Ul2wcIZhPpa3aa+00qqj2GjL33jpcZQNPgwv7PLU044Y+zw27\nznb7AoIBAQClpAfK3inPmOxdC3+IS5rk593SUkmwwEofV3SHH51fNSechGfc0J2f\nfp8heUpxO0k2Zk7WocWLoVFTeJMXs0Cj6u1xGDBb4ApYle6ISPieskJetaSdvGvO\nZNUShi3yYTUsD7BR9YYCNmFLFjoL9Y6Fjv+LD7+JQkk1SMEjfH9w5OqUFfPKR0Ma\nl+lFg/bsMbr3UXqPUY4eF3LUMenEsc3Xi6LeC0JMBklZJQBOu/29o6/1gKVRBVgz\njFsoOk6xXht/Z7SYDPKStE4UR/46lzKLsQ8fQiZLvy4nOO2FOLszc4GsKtiSmLnA\nu+l78BZIBnwhZTEaPd8DmlMhiCHt8s4VAoIBAQCGnzpq5jNeYf8CkrpkyJDw+8YE\n1ppXdwo64MoI/gm2tqLFPL+23skj7A1dzFekCEcF68P2kLthavcowWRTuW+blNmW\natJJEMgbK/8J3OHzu1KjUONBjIa+6PLJdAAC7qOx15SNZ+wAiMoG6hkw4uYdY5kQ\nPlsjd0b6kMaNxrYnUVIfrdh+hQbU3N/djALFmpP5ScAPzbPHR47mFA686a7362la\nPi+M/qbIBs/Yy37WDQDUvqbuIId0+1dya353mnm1KKh1j/5rii7/rSifv+ZNMtCa\n4xatluE40RARD8IPLvd8typu08s48VcFLYxKYjR5fjZbEox08SMDIIrQVMGk\n-----END RSA PRIVATE KEY-----\n",
            "private_key_pem_pkcs8": "-----BEGIN PRIVATE KEY-----\nMIIJQwIBADANBgkqhkiG9w0BAQEFAASCCS0wggkpAgEAAoICAQDN3Ybu50TGl6W6\nAqwM7zHyYrO1Q7y/S5ftwmyn4UoKKjImH5d2X4PxkJC7KKyDYMzILdr6zodkl9RX\nGYDMpOqu55KqgfqZMVwsSakdkEfYSA0F3J/FiCCzqiFeIq33LlDs8/YSYYpSi5Vt\nIxtS/19dzBQ2ubqhFDovN+qFBtiif2Ndyl6VhhAU+xVTLleGJX6tKvSnXCMbed+b\nSiN1QWIIrloZYWHehQiEMqHGci+qIHsN9hSRkA6X8jwlSultlTTCbeM3d97f3AgF\nycMAthIZ11KweIMDvmoH9nm8Mksgu1Pgf1fKf4ch3RqrGJKf5Fq5UsVQqVGbOBji\n/yn6DU8hFsEjRjf3TUVrMXSblDYX2K487wLFKLdlBzwsVhhqMtwoENPJVqvr1mvv\naiyn6MwDr//Aiu5ilhTj8F9O5VMLqe6EduSluX1581B59vEqEcWKqd9xmrHZHOd3\nuRQoBO0gtaYJ4nbasdkFUBgR2gq15mKgebk7y2x9rjuIoVf2OseEBBblHId/Gb1Q\nX9OmbZTt8COLPqJoUnnt19ssm74SHqVAkTEMRJ3YuJlnNki2aQ/ni6S7OQax77ST\nnPrmDEQ7++uwAtCy03v4jeYqm2hgzP/TA93hXMdeTJZDiIqw3UW+TpkwUlnWNgX9\nq9pDfjy/e38hN8fcXw+WS3mpyEb3KQIDAQABAoICAEfsM9amjOQ3GgrlIRf5v4D3\n0+Ip0rkgn2lNKmnyr0vi1xdzpRaRo0bTo4UH3lGeEZ2ES8OhQTM3SlPN0K5ulaFa\nvWZ9t8AquxGsAH4YKMmazpX0MQuxlf8/Gp5JTm8TyukmCJv+YPWa169D+ylhl/9s\nq8k81UOuje9uQSyNqkUHbX9Ykvf5WQgDer1PbPusgNfeMJCCA6/3QdR+r+mo2KfA\nxjCk0a0M3F9XUybCQP3WkDdd+GysoDScyD+dLvV+keq1upLn+cFLHbBr/4lxktxd\nWoHV8KvvrBqxFXHXPmEmoVTHGLRiHqOJnGYXVS6weLPTg6U9KooorKUt0YwPd0uu\nt+8mMhAoAPCO5iW2whNxz4TaNZKMuklHAxfTjHjhnTa0r7YxBe8aqF4XK0N+1dD/\ntBulm9B+ur4UmJAHM/FgGXxrzP/P0JFM+1vG9AqEwBQKHbcbcmbQVp6nXwW1Q+Vr\n40Gc+r2WUm+r5UAoof7BQYuYjNV8OJ9BAjQ1BW0UhhUEcoXFkPJvZLghIu1W2yKN\n6tD6I7mk1Y5EuJw+KOkIjqW39bqw6iBTh9O9NGhI7Ii6pXlaTpI3PDhqmzwbPe2N\nbuAMOucmKOIalh7dC3rVWi1EL86o8BucVxmXi8WuwMAUVqu9z50XLG80HeLDxDG7\nKs0P80YRIdqJ/rC0s71DAoIBAQD49ni6Ww/gMXvJLXychGM9bEmJsA96TYVhZP5e\nD24OUfv0K4zQKLY9I7KDWXy6qeIBBFxtuNGfyMM0G7Latn2fd9f8aVjOqPwt9d3u\nntqSwFfGQxKHuJCHTmUN0LDtIfeUIw59LMdthS9iAV0hIR5LtzUesuF1LYItBhPL\nHLscdv45bW/WnLQs8OGUbQVQx/ix38n2VHKA7gAO/Veu9GIylIOHfvRcYo3KrsEh\nFg07sd4m6CO+PL2tmadZhmVBUpIKnv6PxVIgIEz05+fisHs1xwwBS5NVXUdCe+1u\nF0E4XBnYFArx7t52a2ommmgTbgwZY6avkdWixLuM4C58yygrAoIBAQDTrzJS6r9X\npK+g6V5/ZEPvCnyhnye4uVuFhieMr3YiiY3FdC+R5hLezexfNanj+TkbYj0lkqfw\nI8R6sWifsiqWb9kAqDfFYDocLR+SDbj42xgtFn2YgsxYx+/nDmOpxhxH8vZ5Nw/I\njP3hd2ylnN8EtcY+KCstBulIw2YwAuPXkQj7CmSKRhg7ACYqf4SZMqonGX+hLCV/\niJiIr08dx7kKV0CYToQVumX5TW7pOlvhiTLBMZCRGdWxNX9y5LA3VdtYpOA9WXW4\nP9JbJPaeMZsyJdBCD4DA1qprSJjyH5yKSsQQeeiQky+e+9Po7MB+BaG6+ibf+eVj\n1jh4BircnD/7AoIBAFlCvSxLg9ikxTXu6hOP36jhD0ifaB04eA7gT9bXf2UA/e2g\nQ59KSXSIPPOc/PxL9mzY7G6mafn42AvxtmF2NnobVMP53U5TBf9QfJ6WM9WTwqSh\n3Z3tjVwFvnOClDyhBgwFuacli+b3bnKb/JDpN9x7tj7oca86fsa3vBcBmRBulV1v\noD549px6TNaTc+lvmPnlO5rm0hrpufml2W8vzZlG6BWHbgNFjoLRvwqmxl3VusmG\nR3JogrUgNwEBD4KpIRVPxgM0AurjydOw5dG/5pz0XZiFSTC8/dSXbBwhmE+lrdpr\n7TSqqPYaMvfeOlxlA0+DC/s8tTTjhj7PDbvOdvsCggEBAKWkB8reKc+Y7F0Lf4hL\nmuTn3dJSSbDASh9XdIcfnV81J5yEZ9zQnZ9+nyF5SnE7STZmTtahxYuhUVN4kxez\nQKPq7XEYMFvgCliV7ohI+J6yQl61pJ28a85k1RKGLfJhNSwPsFH1hgI2YUsWOgv1\njoWO/4sPv4lCSTVIwSN8f3Dk6pQV88pHQxqX6UWD9uwxuvdReo9Rjh4XctQx6cSx\nzdeLot4LQkwGSVklAE67/b2jr/WApVEFWDOMWyg6TrFeG39ntJgM8pK0ThRH/jqX\nMouxDx9CJku/Lic47YU4uzNzgawq2JKYucC76XvwFkgGfCFlMRo93wOaUyGIIe3y\nzhUCggEBAIafOmrmM15h/wKSumTIkPD7xgTWmld3Cjrgygj+Cba2osU8v7beySPs\nDV3MV6QIRwXrw/aQu2Fq9yjBZFO5b5uU2ZZq0kkQyBsr/wnc4fO7UqNQ40GMhr7o\n8sl0AALuo7HXlI1n7ACIygbqGTDi5h1jmRA+WyN3RvqQxo3GtidRUh+t2H6FBtTc\n392MAsWak/lJwA/Ns8dHjuYUDrzprvfraVo+L4z+psgGz9jLftYNANS+pu4gh3T7\nV3JrfneaebUoqHWP/muKLv+tKJ+/5k0y0JrjFq2W4TjREBEPwg8u93y3Km7Tyzjx\nVwUtjEpiNHl+NlsSjHTxIwMgitBUwaQ=\n-----END PRIVATE KEY-----\n",
            "public_key_fingerprint_md5": "61:ae:f3:b8:1e:8d:41:79:3b:0e:c4:b5:97:e7:cd:18",
            "public_key_fingerprint_sha256": "SHA256:X36oNiKvpLrlgEb4ony+CywpuzaNr/zJHT02wagZmkU",
            "public_key_openssh": "ssh-rsa AAAAB3NzaC1yc2EAAAADAQABAAACAQDN3Ybu50TGl6W6AqwM7zHyYrO1Q7y/S5ftwmyn4UoKKjImH5d2X4PxkJC7KKyDYMzILdr6zodkl9RXGYDMpOqu55KqgfqZMVwsSakdkEfYSA0F3J/FiCCzqiFeIq33LlDs8/YSYYpSi5VtIxtS/19dzBQ2ubqhFDovN+qFBtiif2Ndyl6VhhAU+xVTLleGJX6tKvSnXCMbed+bSiN1QWIIrloZYWHehQiEMqHGci+qIHsN9hSRkA6X8jwlSultlTTCbeM3d97f3AgFycMAthIZ11KweIMDvmoH9nm8Mksgu1Pgf1fKf4ch3RqrGJKf5Fq5UsVQqVGbOBji/yn6DU8hFsEjRjf3TUVrMXSblDYX2K487wLFKLdlBzwsVhhqMtwoENPJVqvr1mvvaiyn6MwDr//Aiu5ilhTj8F9O5VMLqe6EduSluX1581B59vEqEcWKqd9xmrHZHOd3uRQoBO0gtaYJ4nbasdkFUBgR2gq15mKgebk7y2x9rjuIoVf2OseEBBblHId/Gb1QX9OmbZTt8COLPqJoUnnt19ssm74SHqVAkTEMRJ3YuJlnNki2aQ/ni6S7OQax77STnPrmDEQ7++uwAtCy03v4jeYqm2hgzP/TA93hXMdeTJZDiIqw3UW+TpkwUlnWNgX9q9pDfjy/e38hN8fcXw+WS3mpyEb3KQ==\n",
            "public_key_pem": "-----BEGIN PUBLIC KEY-----\nMIICIjANBgkqhkiG9w0BAQEFAAOCAg8AMIICCgKCAgEAzd2G7udExpelugKsDO8x\n8mKztUO8v0uX7cJsp+FKCioyJh+Xdl+D8ZCQuyisg2DMyC3a+s6HZJfUVxmAzKTq\nrueSqoH6mTFcLEmpHZBH2EgNBdyfxYggs6ohXiKt9y5Q7PP2EmGKUouVbSMbUv9f\nXcwUNrm6oRQ6LzfqhQbYon9jXcpelYYQFPsVUy5XhiV+rSr0p1wjG3nfm0ojdUFi\nCK5aGWFh3oUIhDKhxnIvqiB7DfYUkZAOl/I8JUrpbZU0wm3jN3fe39wIBcnDALYS\nGddSsHiDA75qB/Z5vDJLILtT4H9Xyn+HId0aqxiSn+RauVLFUKlRmzgY4v8p+g1P\nIRbBI0Y3901FazF0m5Q2F9iuPO8CxSi3ZQc8LFYYajLcKBDTyVar69Zr72osp+jM\nA6//wIruYpYU4/BfTuVTC6nuhHbkpbl9efNQefbxKhHFiqnfcZqx2Rznd7kUKATt\nILWmCeJ22rHZBVAYEdoKteZioHm5O8tsfa47iKFX9jrHhAQW5RyHfxm9UF/Tpm2U\n7fAjiz6iaFJ57dfbLJu+Eh6lQJExDESd2LiZZzZItmkP54ukuzkGse+0k5z65gxE\nO/vrsALQstN7+I3mKptoYMz/0wPd4VzHXkyWQ4iKsN1Fvk6ZMFJZ1jYF/avaQ348\nv3t/ITfH3F8Plkt5qchG9ykCAwEAAQ==\n-----END PUBLIC KEY-----\n",
            "rsa_bits": 4096
          },
          "sensitive_attributes": [
            [
              {
                "type": "get_attr",
                "value": "private_key_pem_pkcs8"
              }
            ],
            [
              {
                "type": "get_attr",
                "value": "private_key_openssh"
              }
            ],
            [
              {
                "type": "get_attr",
                "value": "private_key_pem"
              }
            ]
          ]
        }
      ]
    },
    {
      "module": "module.ec2",
      "mode": "managed",
      "type": "aws_instance",
      "name": "public",
      "provider": "provider[\"registry.terraform.io/hashicorp/aws\"]",
      "instances": [
        {
          "index_key": 0,
          "schema_version": 1,
          "attributes": {
            "ami": "ami-0c1907b6d738188e5",
            "arn": "arn:aws:ec2:ap-southeast-1:689890720727:instance/i-06aa80b47fb65c636",
            "associate_public_ip_address": true,
            "availability_zone": "ap-southeast-1a",
            "capacity_reservation_specification": [
              {
                "capacity_reservation_preference": "open",
                "capacity_reservation_target": []
              }
            ],
            "cpu_core_count": 1,
            "cpu_options": [
              {
                "amd_sev_snp": "",
                "core_count": 1,
                "threads_per_core": 1
              }
            ],
            "cpu_threads_per_core": 1,
            "credit_specification": [
              {
                "cpu_credits": "standard"
              }
            ],
            "disable_api_stop": false,
            "disable_api_termination": false,
            "ebs_block_device": [],
            "ebs_optimized": false,
            "enable_primary_ipv6": null,
            "enclave_options": [
              {
                "enabled": false
              }
            ],
            "ephemeral_block_device": [],
            "get_password_data": false,
            "hibernation": false,
            "host_id": "",
            "host_resource_group_arn": null,
            "iam_instance_profile": "",
            "id": "i-06aa80b47fb65c636",
            "instance_initiated_shutdown_behavior": "stop",
            "instance_lifecycle": "",
            "instance_market_options": [],
            "instance_state": "running",
            "instance_type": "t2.micro",
            "ipv6_address_count": 0,
            "ipv6_addresses": [],
            "key_name": "ec2_keypair",
            "launch_template": [],
            "maintenance_options": [
              {
                "auto_recovery": "default"
              }
            ],
            "metadata_options": [
              {
                "http_endpoint": "enabled",
                "http_protocol_ipv6": "disabled",
                "http_put_response_hop_limit": 1,
                "http_tokens": "optional",
                "instance_metadata_tags": "disabled"
              }
            ],
            "monitoring": false,
            "network_interface": [],
            "outpost_arn": "",
            "password_data": "",
            "placement_group": "",
            "placement_partition_number": 0,
            "primary_network_interface_id": "eni-003f723919404a407",
            "private_dns": "ip-10-0-1-32.ap-southeast-1.compute.internal",
            "private_dns_name_options": [
              {
                "enable_resource_name_dns_a_record": false,
                "enable_resource_name_dns_aaaa_record": false,
                "hostname_type": "ip-name"
              }
            ],
            "private_ip": "10.0.1.32",
            "public_dns": "ec2-47-129-239-106.ap-southeast-1.compute.amazonaws.com",
            "public_ip": "47.129.239.106",
            "root_block_device": [
              {
                "delete_on_termination": true,
                "device_name": "/dev/sda1",
                "encrypted": false,
                "iops": 100,
                "kms_key_id": "",
                "tags": {},
                "tags_all": {},
                "throughput": 0,
                "volume_id": "vol-04d61c60b89dffd3c",
                "volume_size": 8,
                "volume_type": "gp2"
              }
            ],
            "secondary_private_ips": [],
            "security_groups": [],
            "source_dest_check": true,
            "spot_instance_request_id": "",
            "subnet_id": "subnet-0960a80fa17cce10a",
            "tags": {
              "Name": "Public EC2 1"
            },
            "tags_all": {
              "Name": "Public EC2 1"
            },
            "tenancy": "default",
            "timeouts": null,
            "user_data": "d214163f25a806f16da0d40096c203f0f110d5b4",
            "user_data_base64": null,
            "user_data_replace_on_change": false,
            "volume_tags": null,
            "vpc_security_group_ids": [
              "sg-02b7079f437e4ff88"
            ]
          },
          "sensitive_attributes": [
            [
              {
                "type": "get_attr",
                "value": "user_data"
              }
            ]
          ],
          "private": "eyJlMmJmYjczMC1lY2FhLTExZTYtOGY4OC0zNDM2M2JjN2M0YzAiOnsiY3JlYXRlIjo2MDAwMDAwMDAwMDAsImRlbGV0ZSI6MTIwMDAwMDAwMDAwMCwicmVhZCI6OTAwMDAwMDAwMDAwLCJ1cGRhdGUiOjYwMDAwMDAwMDAwMH0sInNjaGVtYV92ZXJzaW9uIjoiMSJ9",
          "dependencies": [
            "aws_key_pair.ec2_keypair",
            "module.ec2.tls_private_key.ssh",
            "module.security_groups.aws_security_group.public",
            "module.vpc.aws_subnet.public_subnet",
            "module.vpc.aws_vpc.vpc",
            "tls_private_key.ssh"
          ]
        }
      ]
    },
    {
      "module": "module.ec2",
      "mode": "managed",
      "type": "tls_private_key",
      "name": "ssh",
      "provider": "provider[\"registry.terraform.io/hashicorp/tls\"]",
      "instances": [
        {
          "schema_version": 1,
          "attributes": {
            "algorithm": "RSA",
            "ecdsa_curve": "P224",
            "id": "04ff9ed4828a8da5d250e75934628a289a63a876",
            "private_key_openssh": "-----BEGIN OPENSSH PRIVATE KEY-----\nb3BlbnNzaC1rZXktdjEAAAAABG5vbmUAAAAEbm9uZQAAAAAAAAABAAACFwAAAAdz\nc2gtcnNhAAAAAwEAAQAAAgEA4yQqrln0YC4nH3ZvUiFK9mnUNhLAQYHcGELDPLdT\nM28P31SGgUeRiRiicWpvm+j51XFZuvaRf6HW4tUSDT0BFwAdgdlIspsbSLlUOw85\n6KPGjT018oZH4BAtsh4S95fLdF6kH7TNOPi08yEgPVOTVP+Aeo60bRqQxHzcymLi\nNE6hYz3bJLtG8Px0jeV8vdwnG+Icj538WLY5SYqZ+J2L8jRnYg8DZ98prvwgPbEF\nLZ13wCdfcjs/Ph5prXw3Q8g/LrHc+oltXZ4PBHt6Y+1/jdpAC0XTbZllWjbK5gnM\nJL09KnntiKskl7Zlq7E07eR32UN++peEiFXad6rxc1LMaISfuzYeAPZT8C8Ax1bi\n3F53A3RXlBriFo/R+dx9Dmuh5egKiUbcroMzH1EsQ6ZnnvqGb1q66MbNTXXVlMsG\n/r1DcObl7FrZIaheO84dfFqVPy48NP3n+mCMAXd3ja4EhGCbySLSOKvy5P4C0f4R\ns6+uu9i26KKRVdfjdrJcCPEYdDqYHiw1o0zJcg5kPVF6S6GZUc8hodGDqZDF7nTK\nFYNhgVjkdzO8f8DjhIOa/jVuR8nferzDBpP3YvSOgRL+u7IUL5mC8vbRrUctmqfg\nXVsnWT6qglFOmSETnHQ0V3tJkLNMTOiS30e+4Rm6FVnT58dPYe1rVtJUckNUyHv+\nJvsAAAc4nU9lUJ1PZVAAAAAHc3NoLXJzYQAAAgEA4yQqrln0YC4nH3ZvUiFK9mnU\nNhLAQYHcGELDPLdTM28P31SGgUeRiRiicWpvm+j51XFZuvaRf6HW4tUSDT0BFwAd\ngdlIspsbSLlUOw856KPGjT018oZH4BAtsh4S95fLdF6kH7TNOPi08yEgPVOTVP+A\neo60bRqQxHzcymLiNE6hYz3bJLtG8Px0jeV8vdwnG+Icj538WLY5SYqZ+J2L8jRn\nYg8DZ98prvwgPbEFLZ13wCdfcjs/Ph5prXw3Q8g/LrHc+oltXZ4PBHt6Y+1/jdpA\nC0XTbZllWjbK5gnMJL09KnntiKskl7Zlq7E07eR32UN++peEiFXad6rxc1LMaISf\nuzYeAPZT8C8Ax1bi3F53A3RXlBriFo/R+dx9Dmuh5egKiUbcroMzH1EsQ6ZnnvqG\nb1q66MbNTXXVlMsG/r1DcObl7FrZIaheO84dfFqVPy48NP3n+mCMAXd3ja4EhGCb\nySLSOKvy5P4C0f4Rs6+uu9i26KKRVdfjdrJcCPEYdDqYHiw1o0zJcg5kPVF6S6GZ\nUc8hodGDqZDF7nTKFYNhgVjkdzO8f8DjhIOa/jVuR8nferzDBpP3YvSOgRL+u7IU\nL5mC8vbRrUctmqfgXVsnWT6qglFOmSETnHQ0V3tJkLNMTOiS30e+4Rm6FVnT58dP\nYe1rVtJUckNUyHv+JvsAAAADAQABAAACACudPjTMQQhW1FxOOYHjsqkuGPlpEFGD\nxedCqop2CRvPL5UKfelE/MT+XfK5JUUirxY09a3YuodvY/uaPiUcmaD4/LF6L2Nc\nNRj5vRq6CbyJ9g4YussezZ5QfPW+oJW6J+7oXUtZRC60Usp8idw8uAWSKfFehXaN\nq06PSzXxVs4EayjLL9EVxMFxOFAmyJUMONY5zJInG9VM6CMe4gHC/qQ7O76wc072\nouJetzIhU4U2v0++P62HgtVCsbgGKfZx9O/aZzwUN1PKjcemjhGyANQUHEgN2FMr\nKTLxYnRZXUGQtLX7Q4kCk7wt4cfd9vPW8sxdEXy8q04ibhicUlB6jZUHYX3/PHmN\nxfqKsqbFjP72kYC4WmQQC0+2m+8b/8W5VfR0aOl+NApu6rinpliQgVOTrsdPTkuZ\nJf9wncgRzm0/Ze/FLB0y4ObsT5XgSKUAxESmZfmp0UItQQ2+5cgzxwy8bUVUhoTZ\nrwN5p1RlvD+EHgTCgzSsqJKv1qSQgffEsmVCmvwnJyddbyrDAT5Bh7ZwOk/r6Q7z\nv4l/TWjTZVj5NQkH3XqaGq49K2lMSljTxcG2fie34Gus9uNlZNtJifTcGFVioa2a\nCjkuaPE7F3Qa9OLbWF2WF8lh35o5THeASapTJHUfbJ02ShLOl9PDD+xW+/9Yw1P5\nVxj5TPktKkkBAAABAEPPYktTR9hPcZ1EIO9TaBNct/NWP/28s0U6TOXOfTuHBZlC\nM5Ww2wa6e/tbXF6uqy0pvlJM3BNgeW/8IcgHgZfCrBISYls40XYKd54npdWyk5lQ\n/1UeHmgMWuPmEJh72E4fUOYNkJOwgcva34IebHTGIArtQPMRZfbscdSs03sXpb88\nZgefQ0eKmRe0ALX/YWCLwjRxnHcvKSqsujUF4W/jbVnh78XIQBTQJGr1z3ow1rax\nNajryG+o/sBo0f/theo/B/McU6GQfRsCLiCEbqlfvcGHeFsO9/hVmLl1baeLtlwQ\nIDhnNw4SiD9SrFpADecLTX/5cpOLPhAjqMVjeeMAAAEBAP8j4VndFtNp3UDo+eBZ\nleRWsIQqMrxYM7EuH4YzLzn/YaQUHexAC7gKgPmtB7g7fsPBR/eXvwN/byuz/3il\ncFbHcs+hjqiCkIZumWClaI1KN47ZDnnyl8bu831qwzUmbZDxyaad/HYEWI/NGZma\n91okZxxkzTZyvdfTvjR2nbG3Pg3gRN7ttk0gzN8BuStFrtABwYT24YM9Q765RpLq\nEXjR+8u+rtJOo8E5e3tfUUMbjG9D6+JPd0JSIQGPel8oTKb62G6eFjUjNqIIh6ZP\nl9AqHhfewToQglJ4MDhOpdhargzgxM7pyUedyhxLzNi/MM7afeIL26hR8AfCknSr\nrUsAAAEBAOPoIXQ1V/HGQ2oprL81Cyo1VS3Let71TcFFgaRETa0Vn48Kziiy61F7\ndxJZoqWMjSbvkdzB8cobZ6z5iKLO8Of3NVyEmkI+m0ePkdSEgFM1HJAJJoUJz1hJ\nV4oCOw+V+2Yp4YDYaxPW2Gti1zYRZo8z5RSxVIyP4Ob4rxHcyarpOk3p1lQ2N3Fy\nxbCvy4nY/K1ydFVgZjWRetag6kQ2BQwQ3Ahge+X1vt7BgH55vZW/0rP1RISuZtkp\nPNEjywHZZVF2ZrsbNwFRoew4xhuXTD90Z+bvDR/r6bFK8VeXO9/Gy+43SOAs+pmd\nFIkDeUTz2iVeI+gqVFXjijL8wm9ozxEAAAAAAQID\n-----END OPENSSH PRIVATE KEY-----\n",
            "private_key_pem": "-----BEGIN RSA PRIVATE KEY-----\nMIIJKQIBAAKCAgEA4yQqrln0YC4nH3ZvUiFK9mnUNhLAQYHcGELDPLdTM28P31SG\ngUeRiRiicWpvm+j51XFZuvaRf6HW4tUSDT0BFwAdgdlIspsbSLlUOw856KPGjT01\n8oZH4BAtsh4S95fLdF6kH7TNOPi08yEgPVOTVP+Aeo60bRqQxHzcymLiNE6hYz3b\nJLtG8Px0jeV8vdwnG+Icj538WLY5SYqZ+J2L8jRnYg8DZ98prvwgPbEFLZ13wCdf\ncjs/Ph5prXw3Q8g/LrHc+oltXZ4PBHt6Y+1/jdpAC0XTbZllWjbK5gnMJL09Knnt\niKskl7Zlq7E07eR32UN++peEiFXad6rxc1LMaISfuzYeAPZT8C8Ax1bi3F53A3RX\nlBriFo/R+dx9Dmuh5egKiUbcroMzH1EsQ6ZnnvqGb1q66MbNTXXVlMsG/r1DcObl\n7FrZIaheO84dfFqVPy48NP3n+mCMAXd3ja4EhGCbySLSOKvy5P4C0f4Rs6+uu9i2\n6KKRVdfjdrJcCPEYdDqYHiw1o0zJcg5kPVF6S6GZUc8hodGDqZDF7nTKFYNhgVjk\ndzO8f8DjhIOa/jVuR8nferzDBpP3YvSOgRL+u7IUL5mC8vbRrUctmqfgXVsnWT6q\nglFOmSETnHQ0V3tJkLNMTOiS30e+4Rm6FVnT58dPYe1rVtJUckNUyHv+JvsCAwEA\nAQKCAgArnT40zEEIVtRcTjmB47KpLhj5aRBRg8XnQqqKdgkbzy+VCn3pRPzE/l3y\nuSVFIq8WNPWt2LqHb2P7mj4lHJmg+Pyxei9jXDUY+b0augm8ifYOGLrLHs2eUHz1\nvqCVuifu6F1LWUQutFLKfIncPLgFkinxXoV2jatOj0s18VbOBGsoyy/RFcTBcThQ\nJsiVDDjWOcySJxvVTOgjHuIBwv6kOzu+sHNO9qLiXrcyIVOFNr9Pvj+th4LVQrG4\nBin2cfTv2mc8FDdTyo3Hpo4RsgDUFBxIDdhTKyky8WJ0WV1BkLS1+0OJApO8LeHH\n3fbz1vLMXRF8vKtOIm4YnFJQeo2VB2F9/zx5jcX6irKmxYz+9pGAuFpkEAtPtpvv\nG//FuVX0dGjpfjQKbuq4p6ZYkIFTk67HT05LmSX/cJ3IEc5tP2XvxSwdMuDm7E+V\n4EilAMREpmX5qdFCLUENvuXIM8cMvG1FVIaE2a8DeadUZbw/hB4EwoM0rKiSr9ak\nkIH3xLJlQpr8JycnXW8qwwE+QYe2cDpP6+kO87+Jf01o02VY+TUJB916mhquPStp\nTEpY08XBtn4nt+BrrPbjZWTbSYn03BhVYqGtmgo5LmjxOxd0GvTi21hdlhfJYd+a\nOUx3gEmqUyR1H2ydNkoSzpfTww/sVvv/WMNT+VcY+Uz5LSpJAQKCAQEA/yPhWd0W\n02ndQOj54FmV5FawhCoyvFgzsS4fhjMvOf9hpBQd7EALuAqA+a0HuDt+w8FH95e/\nA39vK7P/eKVwVsdyz6GOqIKQhm6ZYKVojUo3jtkOefKXxu7zfWrDNSZtkPHJpp38\ndgRYj80ZmZr3WiRnHGTNNnK919O+NHadsbc+DeBE3u22TSDM3wG5K0Wu0AHBhPbh\ngz1DvrlGkuoReNH7y76u0k6jwTl7e19RQxuMb0Pr4k93QlIhAY96XyhMpvrYbp4W\nNSM2ogiHpk+X0CoeF97BOhCCUngwOE6l2FquDODEzunJR53KHEvM2L8wztp94gvb\nqFHwB8KSdKutSwKCAQEA4+ghdDVX8cZDaimsvzULKjVVLct63vVNwUWBpERNrRWf\njwrOKLLrUXt3ElmipYyNJu+R3MHxyhtnrPmIos7w5/c1XISaQj6bR4+R1ISAUzUc\nkAkmhQnPWElXigI7D5X7ZinhgNhrE9bYa2LXNhFmjzPlFLFUjI/g5vivEdzJquk6\nTenWVDY3cXLFsK/Lidj8rXJ0VWBmNZF61qDqRDYFDBDcCGB75fW+3sGAfnm9lb/S\ns/VEhK5m2Sk80SPLAdllUXZmuxs3AVGh7DjGG5dMP3Rn5u8NH+vpsUrxV5c738bL\n7jdI4Cz6mZ0UiQN5RPPaJV4j6CpUVeOKMvzCb2jPEQKCAQEAx0JPae5YOE5yhJIv\nLH7qqITnoKCQNTYxUMvzxMxOst33dLxdTjgKrvZNGjF/WOvmKZ3WxdBWVrX8rcYK\n3D9gh/WGfg/vqT0nAEZ6NNeZ2ta+oypzutuym6Pct/NcdzMG2O9sjFrQY58rR0to\nFeXIDjdl6+/xsPdVuqxc3P5SVAwHQ7EGOJCwEnZuajAfXGM0jrEAYQaqwuNi+B4c\ntvplINXl746BXDAchfiNrqGXhnCKcg86tulW+43Gx0A10wFXNAWuaF3AfEl/DnbY\n8hMxPlrWW9AVWnKwRRYmmqMZtOnFCru0GODO2MarpQOx/Qj8ZmCPda3LJB6x9m2I\nEeROFwKCAQEAgDr5p7Lj2osdHzx3j9W+hG8hj/SvG4eVyirbeJtdwQcrkYYY3Nle\ngaggJNj+JHtiaAffYABXlMm6mZ6E/GXHMhzrjzSkvqUPJUJoYNR0h1yYx4n+fFg6\nq4gIkwQSSwCuRJtH4ADkrnLxreodALTlqakfOXdVBQlnF03Q4xIA/gLf5Tqudw9S\nPqi/BlzC/rpx4P1G60qj93v1S5GafeqPCGzsAGKZE5gjXp4tN/wzaXBWkx5rAORH\nxePn7hxfepjg4ublgl0bo8hUfN6syJVmN0W9uDfEgLNx92kdRZU4AP6Pe2brwAZO\nseOpzDWCJAO4N9IyDczTSsgN2AZTN/AWoQKCAQBDz2JLU0fYT3GdRCDvU2gTXLfz\nVj/9vLNFOkzlzn07hwWZQjOVsNsGunv7W1xerqstKb5STNwTYHlv/CHIB4GXwqwS\nEmJbONF2CneeJ6XVspOZUP9VHh5oDFrj5hCYe9hOH1DmDZCTsIHL2t+CHmx0xiAK\n7UDzEWX27HHUrNN7F6W/PGYHn0NHipkXtAC1/2Fgi8I0cZx3LykqrLo1BeFv421Z\n4e/FyEAU0CRq9c96MNa2sTWo68hvqP7AaNH/7YXqPwfzHFOhkH0bAi4ghG6pX73B\nh3hbDvf4VZi5dW2ni7ZcECA4ZzcOEog/UqxaQA3nC01/+XKTiz4QI6jFY3nj\n-----END RSA PRIVATE KEY-----\n",
            "private_key_pem_pkcs8": "-----BEGIN PRIVATE KEY-----\nMIIJQwIBADANBgkqhkiG9w0BAQEFAASCCS0wggkpAgEAAoICAQDjJCquWfRgLicf\ndm9SIUr2adQ2EsBBgdwYQsM8t1Mzbw/fVIaBR5GJGKJxam+b6PnVcVm69pF/odbi\n1RINPQEXAB2B2UiymxtIuVQ7Dznoo8aNPTXyhkfgEC2yHhL3l8t0XqQftM04+LTz\nISA9U5NU/4B6jrRtGpDEfNzKYuI0TqFjPdsku0bw/HSN5Xy93Ccb4hyPnfxYtjlJ\nipn4nYvyNGdiDwNn3ymu/CA9sQUtnXfAJ19yOz8+HmmtfDdDyD8usdz6iW1dng8E\ne3pj7X+N2kALRdNtmWVaNsrmCcwkvT0qee2IqySXtmWrsTTt5HfZQ376l4SIVdp3\nqvFzUsxohJ+7Nh4A9lPwLwDHVuLcXncDdFeUGuIWj9H53H0Oa6Hl6AqJRtyugzMf\nUSxDpmee+oZvWrroxs1NddWUywb+vUNw5uXsWtkhqF47zh18WpU/Ljw0/ef6YIwB\nd3eNrgSEYJvJItI4q/Lk/gLR/hGzr6672LboopFV1+N2slwI8Rh0OpgeLDWjTMly\nDmQ9UXpLoZlRzyGh0YOpkMXudMoVg2GBWOR3M7x/wOOEg5r+NW5Hyd96vMMGk/di\n9I6BEv67shQvmYLy9tGtRy2ap+BdWydZPqqCUU6ZIROcdDRXe0mQs0xM6JLfR77h\nGboVWdPnx09h7WtW0lRyQ1TIe/4m+wIDAQABAoICACudPjTMQQhW1FxOOYHjsqku\nGPlpEFGDxedCqop2CRvPL5UKfelE/MT+XfK5JUUirxY09a3YuodvY/uaPiUcmaD4\n/LF6L2NcNRj5vRq6CbyJ9g4YussezZ5QfPW+oJW6J+7oXUtZRC60Usp8idw8uAWS\nKfFehXaNq06PSzXxVs4EayjLL9EVxMFxOFAmyJUMONY5zJInG9VM6CMe4gHC/qQ7\nO76wc072ouJetzIhU4U2v0++P62HgtVCsbgGKfZx9O/aZzwUN1PKjcemjhGyANQU\nHEgN2FMrKTLxYnRZXUGQtLX7Q4kCk7wt4cfd9vPW8sxdEXy8q04ibhicUlB6jZUH\nYX3/PHmNxfqKsqbFjP72kYC4WmQQC0+2m+8b/8W5VfR0aOl+NApu6rinpliQgVOT\nrsdPTkuZJf9wncgRzm0/Ze/FLB0y4ObsT5XgSKUAxESmZfmp0UItQQ2+5cgzxwy8\nbUVUhoTZrwN5p1RlvD+EHgTCgzSsqJKv1qSQgffEsmVCmvwnJyddbyrDAT5Bh7Zw\nOk/r6Q7zv4l/TWjTZVj5NQkH3XqaGq49K2lMSljTxcG2fie34Gus9uNlZNtJifTc\nGFVioa2aCjkuaPE7F3Qa9OLbWF2WF8lh35o5THeASapTJHUfbJ02ShLOl9PDD+xW\n+/9Yw1P5Vxj5TPktKkkBAoIBAQD/I+FZ3RbTad1A6PngWZXkVrCEKjK8WDOxLh+G\nMy85/2GkFB3sQAu4CoD5rQe4O37DwUf3l78Df28rs/94pXBWx3LPoY6ogpCGbplg\npWiNSjeO2Q558pfG7vN9asM1Jm2Q8cmmnfx2BFiPzRmZmvdaJGccZM02cr3X0740\ndp2xtz4N4ETe7bZNIMzfAbkrRa7QAcGE9uGDPUO+uUaS6hF40fvLvq7STqPBOXt7\nX1FDG4xvQ+viT3dCUiEBj3pfKEym+thunhY1IzaiCIemT5fQKh4X3sE6EIJSeDA4\nTqXYWq4M4MTO6clHncocS8zYvzDO2n3iC9uoUfAHwpJ0q61LAoIBAQDj6CF0NVfx\nxkNqKay/NQsqNVUty3re9U3BRYGkRE2tFZ+PCs4osutRe3cSWaKljI0m75HcwfHK\nG2es+YiizvDn9zVchJpCPptHj5HUhIBTNRyQCSaFCc9YSVeKAjsPlftmKeGA2GsT\n1thrYtc2EWaPM+UUsVSMj+Dm+K8R3Mmq6TpN6dZUNjdxcsWwr8uJ2PytcnRVYGY1\nkXrWoOpENgUMENwIYHvl9b7ewYB+eb2Vv9Kz9USErmbZKTzRI8sB2WVRdma7GzcB\nUaHsOMYbl0w/dGfm7w0f6+mxSvFXlzvfxsvuN0jgLPqZnRSJA3lE89olXiPoKlRV\n44oy/MJvaM8RAoIBAQDHQk9p7lg4TnKEki8sfuqohOegoJA1NjFQy/PEzE6y3fd0\nvF1OOAqu9k0aMX9Y6+YpndbF0FZWtfytxgrcP2CH9YZ+D++pPScARno015na1r6j\nKnO627Kbo9y381x3MwbY72yMWtBjnytHS2gV5cgON2Xr7/Gw91W6rFzc/lJUDAdD\nsQY4kLASdm5qMB9cYzSOsQBhBqrC42L4Hhy2+mUg1eXvjoFcMByF+I2uoZeGcIpy\nDzq26Vb7jcbHQDXTAVc0Ba5oXcB8SX8OdtjyEzE+WtZb0BVacrBFFiaaoxm06cUK\nu7QY4M7YxqulA7H9CPxmYI91rcskHrH2bYgR5E4XAoIBAQCAOvmnsuPaix0fPHeP\n1b6EbyGP9K8bh5XKKtt4m13BByuRhhjc2V6BqCAk2P4ke2JoB99gAFeUybqZnoT8\nZccyHOuPNKS+pQ8lQmhg1HSHXJjHif58WDqriAiTBBJLAK5Em0fgAOSucvGt6h0A\ntOWpqR85d1UFCWcXTdDjEgD+At/lOq53D1I+qL8GXML+unHg/UbrSqP3e/VLkZp9\n6o8IbOwAYpkTmCNeni03/DNpcFaTHmsA5EfF4+fuHF96mODi5uWCXRujyFR83qzI\nlWY3Rb24N8SAs3H3aR1FlTgA/o97ZuvABk6x46nMNYIkA7g30jINzNNKyA3YBlM3\n8BahAoIBAEPPYktTR9hPcZ1EIO9TaBNct/NWP/28s0U6TOXOfTuHBZlCM5Ww2wa6\ne/tbXF6uqy0pvlJM3BNgeW/8IcgHgZfCrBISYls40XYKd54npdWyk5lQ/1UeHmgM\nWuPmEJh72E4fUOYNkJOwgcva34IebHTGIArtQPMRZfbscdSs03sXpb88ZgefQ0eK\nmRe0ALX/YWCLwjRxnHcvKSqsujUF4W/jbVnh78XIQBTQJGr1z3ow1raxNajryG+o\n/sBo0f/theo/B/McU6GQfRsCLiCEbqlfvcGHeFsO9/hVmLl1baeLtlwQIDhnNw4S\niD9SrFpADecLTX/5cpOLPhAjqMVjeeM=\n-----END PRIVATE KEY-----\n",
            "public_key_fingerprint_md5": "21:86:aa:53:85:67:8e:db:cb:63:f3:80:6b:b4:64:04",
            "public_key_fingerprint_sha256": "SHA256:fYUE1kxiM9xYjat+KXUAlG3s1EjjL4t+Vg/XEPPMs+8",
            "public_key_openssh": "ssh-rsa AAAAB3NzaC1yc2EAAAADAQABAAACAQDjJCquWfRgLicfdm9SIUr2adQ2EsBBgdwYQsM8t1Mzbw/fVIaBR5GJGKJxam+b6PnVcVm69pF/odbi1RINPQEXAB2B2UiymxtIuVQ7Dznoo8aNPTXyhkfgEC2yHhL3l8t0XqQftM04+LTzISA9U5NU/4B6jrRtGpDEfNzKYuI0TqFjPdsku0bw/HSN5Xy93Ccb4hyPnfxYtjlJipn4nYvyNGdiDwNn3ymu/CA9sQUtnXfAJ19yOz8+HmmtfDdDyD8usdz6iW1dng8Ee3pj7X+N2kALRdNtmWVaNsrmCcwkvT0qee2IqySXtmWrsTTt5HfZQ376l4SIVdp3qvFzUsxohJ+7Nh4A9lPwLwDHVuLcXncDdFeUGuIWj9H53H0Oa6Hl6AqJRtyugzMfUSxDpmee+oZvWrroxs1NddWUywb+vUNw5uXsWtkhqF47zh18WpU/Ljw0/ef6YIwBd3eNrgSEYJvJItI4q/Lk/gLR/hGzr6672LboopFV1+N2slwI8Rh0OpgeLDWjTMlyDmQ9UXpLoZlRzyGh0YOpkMXudMoVg2GBWOR3M7x/wOOEg5r+NW5Hyd96vMMGk/di9I6BEv67shQvmYLy9tGtRy2ap+BdWydZPqqCUU6ZIROcdDRXe0mQs0xM6JLfR77hGboVWdPnx09h7WtW0lRyQ1TIe/4m+w==\n",
            "public_key_pem": "-----BEGIN PUBLIC KEY-----\nMIICIjANBgkqhkiG9w0BAQEFAAOCAg8AMIICCgKCAgEA4yQqrln0YC4nH3ZvUiFK\n9mnUNhLAQYHcGELDPLdTM28P31SGgUeRiRiicWpvm+j51XFZuvaRf6HW4tUSDT0B\nFwAdgdlIspsbSLlUOw856KPGjT018oZH4BAtsh4S95fLdF6kH7TNOPi08yEgPVOT\nVP+Aeo60bRqQxHzcymLiNE6hYz3bJLtG8Px0jeV8vdwnG+Icj538WLY5SYqZ+J2L\n8jRnYg8DZ98prvwgPbEFLZ13wCdfcjs/Ph5prXw3Q8g/LrHc+oltXZ4PBHt6Y+1/\njdpAC0XTbZllWjbK5gnMJL09KnntiKskl7Zlq7E07eR32UN++peEiFXad6rxc1LM\naISfuzYeAPZT8C8Ax1bi3F53A3RXlBriFo/R+dx9Dmuh5egKiUbcroMzH1EsQ6Zn\nnvqGb1q66MbNTXXVlMsG/r1DcObl7FrZIaheO84dfFqVPy48NP3n+mCMAXd3ja4E\nhGCbySLSOKvy5P4C0f4Rs6+uu9i26KKRVdfjdrJcCPEYdDqYHiw1o0zJcg5kPVF6\nS6GZUc8hodGDqZDF7nTKFYNhgVjkdzO8f8DjhIOa/jVuR8nferzDBpP3YvSOgRL+\nu7IUL5mC8vbRrUctmqfgXVsnWT6qglFOmSETnHQ0V3tJkLNMTOiS30e+4Rm6FVnT\n58dPYe1rVtJUckNUyHv+JvsCAwEAAQ==\n-----END PUBLIC KEY-----\n",
            "rsa_bits": 4096
          },
          "sensitive_attributes": [
            [
              {
                "type": "get_attr",
                "value": "private_key_pem"
              }
            ],
            [
              {
                "type": "get_attr",
                "value": "private_key_pem_pkcs8"
              }
            ],
            [
              {
                "type": "get_attr",
                "value": "private_key_openssh"
              }
            ]
          ]
        }
      ]
    },
    {
      "module": "module.eks",
      "mode": "data",
      "type": "template_file",
      "name": "aws_auth",
      "provider": "provider[\"registry.terraform.io/hashicorp/template\"]",
      "instances": [
        {
          "schema_version": 0,
          "attributes": {
            "filename": null,
            "id": "85576e7964c0dadd29cf1429fd01292cd545055f6f5884b3d017b434580ad052",
            "rendered": "- rolearn: arn:aws:iam::689890720727:role/da_vpc-eks-node-role\r\n  username: system:node:{{EC2PrivateDNSName}}\r\n  groups:\r\n    - system:bootstrappers\r\n    - system:nodes\r\n",
            "template": "- rolearn: ${node_role_arn}\r\n  username: system:node:{{EC2PrivateDNSName}}\r\n  groups:\r\n    - system:bootstrappers\r\n    - system:nodes\r\n",
            "vars": {
              "node_role_arn": "arn:aws:iam::689890720727:role/da_vpc-eks-node-role"
            }
          },
          "sensitive_attributes": []
        }
      ]
    },
    {
      "module": "module.eks",
      "mode": "managed",
      "type": "aws_eks_cluster",
      "name": "this",
      "provider": "provider[\"registry.terraform.io/hashicorp/aws\"]",
      "instances": [
        {
          "schema_version": 1,
          "attributes": {
            "access_config": [
              {
                "authentication_mode": "CONFIG_MAP",
                "bootstrap_cluster_creator_admin_permissions": true
              }
            ],
            "arn": "arn:aws:eks:ap-southeast-1:689890720727:cluster/da_vpc-eks",
            "bootstrap_self_managed_addons": true,
            "certificate_authority": [
              {
                "data": "LS0tLS1CRUdJTiBDRVJUSUZJQ0FURS0tLS0tCk1JSURCVENDQWUyZ0F3SUJBZ0lJTjJHMU00ZzNuZTR3RFFZSktvWklodmNOQVFFTEJRQXdGVEVUTUJFR0ExVUUKQXhNS2EzVmlaWEp1WlhSbGN6QWVGdzB5TlRBMU1Ua3dOakl3TURWYUZ3MHpOVEExTVRjd05qSTFNRFZhTUJVeApFekFSQmdOVkJBTVRDbXQxWW1WeWJtVjBaWE13Z2dFaU1BMEdDU3FHU0liM0RRRUJBUVVBQTRJQkR3QXdnZ0VLCkFvSUJBUUMzT0FwTGVqY2NCc2hPbStsRjRiU2N6b2R0MDhia1BTZStjVGhxWE0wdzBmUjJzWXZFWVdwemVFdEUKSkZrVERpUG1oTU1aMi9lWWpnT2ZGKzRJTFRFN2hZb3djSTV1cStHbVNoODc0ZS9RaDhVQlFmLzBtYzY5cjkxMQpKZm5mNmVmNWRCVmtCS2xlTTBCY0FVNSs4R3VFWUt4bmg5VDFZSXh2TDBybmJQbDN1bmNZU2Zja2ZNZko4dmdtCml1M0ZxeHU1dm5aWHZ4L3hFeVF6RXRyMHVIU05zQi9GVksvNEMvRzZnTWFWOGVjU2M0c0VQU1hsSE9KV1Y0SDAKSTBhWHV0TTNQYVlWanNrSkpTSXg1Wmg5OEs3TS9JdnBoQ1FmdTZKQ0FGL1ZRdmdNUEpUSjZhL2VqZ2pOTWlLQwpiWFB2TGs2cnA2cS8rcGdQbFEvN1ZvZmZ1RXp0QWdNQkFBR2pXVEJYTUE0R0ExVWREd0VCL3dRRUF3SUNwREFQCkJnTlZIUk1CQWY4RUJUQURBUUgvTUIwR0ExVWREZ1FXQkJUYUdsVGgrVXJUa2NQOCtnMCs5SkI0cGxlOC9qQVYKQmdOVkhSRUVEakFNZ2dwcmRXSmxjbTVsZEdWek1BMEdDU3FHU0liM0RRRUJDd1VBQTRJQkFRQnBOS0lOd1ZrTwpUdDVUak9ZVHA0cm01VGU5eVBTb3g5R3pjQitiOE05akVDZHBVdEh0aGk0VnVsdVd2WGJtbHptL2RLSjFUM0R5CmxGa21lUXdpeG51S0tBK0VMSStxQzRKOVdBaUovVU5temhCYmRJREdsWWtEK09BY0FQcFByNVRKNU8zcS9ETDAKUnNaMUNLd3IvSXg1cGo4dXVnUlNqdmJWaWRIQWZvZWxFK1BLbzhmZDFEalcwZnJwRFd5bHJDaXlINzZBanhuYgp0YmFIbElDbHRtU0EyMUlQcnFDN0FqajlnZVFpZVZNRXN5Y1gvbXBvUE1xM0MxNVpreUNCU0p3b2lMbWpORGhrCmZKNW5UNjFIZXJnYVN0REpZL2NWQXFXKytXbmFPTHZONkZNK1NybzhDelUwaFczNGFkYzd6c0hTWFJaNVpMUGYKOGtqYmoyQ3h2YzV4Ci0tLS0tRU5EIENFUlRJRklDQVRFLS0tLS0K"
              }
            ],
            "cluster_id": null,
            "compute_config": [],
            "created_at": "2025-05-19T06:20:52Z",
            "enabled_cluster_log_types": [],
            "encryption_config": [],
            "endpoint": "https://6729B0C0985D51E79CF846D5C3B43524.gr7.ap-southeast-1.eks.amazonaws.com",
            "force_update_version": null,
            "id": "da_vpc-eks",
            "identity": [
              {
                "oidc": [
                  {
                    "issuer": "https://oidc.eks.ap-southeast-1.amazonaws.com/id/6729B0C0985D51E79CF846D5C3B43524"
                  }
                ]
              }
            ],
            "kubernetes_network_config": [
              {
                "elastic_load_balancing": [
                  {
                    "enabled": false
                  }
                ],
                "ip_family": "ipv4",
                "service_ipv4_cidr": "172.20.0.0/16",
                "service_ipv6_cidr": ""
              }
            ],
            "name": "da_vpc-eks",
            "outpost_config": [],
            "platform_version": "eks.43",
            "remote_network_config": [],
            "role_arn": "arn:aws:iam::689890720727:role/da_vpc-eks-cluster-role",
            "status": "ACTIVE",
            "storage_config": [],
            "tags": {
              "Name": "da_vpc-eks"
            },
            "tags_all": {
              "Name": "da_vpc-eks"
            },
            "timeouts": null,
            "upgrade_policy": [
              {
                "support_type": "EXTENDED"
              }
            ],
            "version": "1.28",
            "vpc_config": [
              {
                "cluster_security_group_id": "sg-098b902c36dda7ec7",
                "endpoint_private_access": false,
                "endpoint_public_access": true,
                "public_access_cidrs": [
                  "0.0.0.0/0"
                ],
                "security_group_ids": [
                  "sg-09cc8eb4327d7dafa"
                ],
                "subnet_ids": [
                  "subnet-02feb1be945075b18",
                  "subnet-0960a80fa17cce10a",
                  "subnet-0b1a220c335362e57",
                  "subnet-0c813c9107e5dce8a"
                ],
                "vpc_id": "vpc-090a82fe0050cada4"
              }
            ],
            "zonal_shift_config": []
          },
          "sensitive_attributes": [],
          "private": "eyJlMmJmYjczMC1lY2FhLTExZTYtOGY4OC0zNDM2M2JjN2M0YzAiOnsiY3JlYXRlIjoxODAwMDAwMDAwMDAwLCJkZWxldGUiOjkwMDAwMDAwMDAwMCwidXBkYXRlIjozNjAwMDAwMDAwMDAwfSwic2NoZW1hX3ZlcnNpb24iOiIxIn0=",
          "dependencies": [
            "aws_iam_role.eks_cluster_role",
            "data.aws_iam_policy_document.eks_assume",
            "module.eks.aws_security_group.eks_cluster_sg",
            "module.vpc.aws_subnet.private_subnet",
            "module.vpc.aws_subnet.public_subnet",
            "module.vpc.aws_vpc.vpc"
          ]
        }
      ]
    },
    {
      "module": "module.eks",
      "mode": "managed",
      "type": "aws_eks_node_group",
      "name": "nodes",
      "provider": "provider[\"registry.terraform.io/hashicorp/aws\"]",
      "instances": [
        {
          "schema_version": 0,
          "attributes": {
            "ami_type": "AL2_x86_64",
            "arn": "arn:aws:eks:ap-southeast-1:689890720727:nodegroup/da_vpc-eks/da_vpc-eks-nodes/06cb739c-f1c4-183f-b201-459fd89c2b0a",
            "capacity_type": "ON_DEMAND",
            "cluster_name": "da_vpc-eks",
            "disk_size": 20,
            "force_update_version": null,
            "id": "da_vpc-eks:da_vpc-eks-nodes",
            "instance_types": [
              "t2.micro"
            ],
            "labels": {},
            "launch_template": [],
            "node_group_name": "da_vpc-eks-nodes",
            "node_group_name_prefix": "",
            "node_repair_config": [],
            "node_role_arn": "arn:aws:iam::689890720727:role/da_vpc-eks-node-role",
            "release_version": "1.28.15-20250514",
            "remote_access": [
              {
                "ec2_ssh_key": "ec2_keypair",
                "source_security_group_ids": [
                  "sg-09cc8eb4327d7dafa"
                ]
              }
            ],
            "resources": [
              {
                "autoscaling_groups": [
                  {
                    "name": "eks-da_vpc-eks-nodes-06cb739c-f1c4-183f-b201-459fd89c2b0a"
                  }
                ],
                "remote_access_security_group_id": "sg-0f8db5d0b9cff0959"
              }
            ],
            "scaling_config": [
              {
                "desired_size": 2,
                "max_size": 2,
                "min_size": 2
              }
            ],
            "status": "ACTIVE",
            "subnet_ids": [
              "subnet-02feb1be945075b18",
              "subnet-0b1a220c335362e57"
            ],
            "tags": {
              "Name": "da_vpc-eks-nodegroup"
            },
            "tags_all": {
              "Name": "da_vpc-eks-nodegroup"
            },
            "taint": [],
            "timeouts": null,
            "update_config": [
              {
                "max_unavailable": 1,
                "max_unavailable_percentage": 0
              }
            ],
            "version": "1.28"
          },
          "sensitive_attributes": [],
          "private": "eyJlMmJmYjczMC1lY2FhLTExZTYtOGY4OC0zNDM2M2JjN2M0YzAiOnsiY3JlYXRlIjozNjAwMDAwMDAwMDAwLCJkZWxldGUiOjM2MDAwMDAwMDAwMDAsInVwZGF0ZSI6MzYwMDAwMDAwMDAwMH19",
          "dependencies": [
            "aws_iam_role.eks_cluster_role",
            "aws_iam_role.eks_node_role",
            "aws_key_pair.ec2_keypair",
            "data.aws_iam_policy_document.eks_assume",
            "data.aws_iam_policy_document.eks_node_assume",
            "module.eks.aws_eks_cluster.this",
            "module.eks.aws_security_group.eks_cluster_sg",
            "module.vpc.aws_subnet.private_subnet",
            "module.vpc.aws_subnet.public_subnet",
            "module.vpc.aws_vpc.vpc",
            "tls_private_key.ssh"
          ]
        }
      ]
    },
    {
      "module": "module.eks",
      "mode": "managed",
      "type": "aws_security_group",
      "name": "eks_cluster_sg",
      "provider": "provider[\"registry.terraform.io/hashicorp/aws\"]",
      "instances": [
        {
          "schema_version": 1,
          "attributes": {
            "arn": "arn:aws:ec2:ap-southeast-1:689890720727:security-group/sg-09cc8eb4327d7dafa",
            "description": "EKS Cluster communication",
            "egress": [],
            "id": "sg-09cc8eb4327d7dafa",
            "ingress": [
              {
                "cidr_blocks": [],
                "description": "",
                "from_port": 443,
                "ipv6_cidr_blocks": [],
                "prefix_list_ids": [],
                "protocol": "tcp",
                "security_groups": [
                  "sg-02b7079f437e4ff88"
                ],
                "self": false,
                "to_port": 443
              }
            ],
            "name": "da_vpc-eks-sg",
            "name_prefix": "",
            "owner_id": "689890720727",
            "revoke_rules_on_delete": false,
            "tags": {},
            "tags_all": {},
            "timeouts": null,
            "vpc_id": "vpc-090a82fe0050cada4"
          },
          "sensitive_attributes": [],
          "private": "eyJlMmJmYjczMC1lY2FhLTExZTYtOGY4OC0zNDM2M2JjN2M0YzAiOnsiY3JlYXRlIjo2MDAwMDAwMDAwMDAsImRlbGV0ZSI6OTAwMDAwMDAwMDAwfSwic2NoZW1hX3ZlcnNpb24iOiIxIn0=",
          "dependencies": [
            "module.vpc.aws_vpc.vpc"
          ]
        }
      ]
    },
    {
      "module": "module.eks",
      "mode": "managed",
      "type": "kubernetes_config_map",
      "name": "aws_auth",
      "provider": "module.eks.provider[\"registry.terraform.io/hashicorp/kubernetes\"]",
      "instances": [
        {
          "schema_version": 0,
          "attributes": {
            "binary_data": {},
            "data": {
              "mapRoles": "- rolearn: arn:aws:iam::689890720727:role/da_vpc-eks-node-role\r\n  username: system:node:{{EC2PrivateDNSName}}\r\n  groups:\r\n    - system:bootstrappers\r\n    - system:nodes\r\n"
            },
            "id": "kube-system/aws-auth",
            "immutable": false,
            "metadata": [
              {
                "annotations": {},
                "generate_name": "",
                "generation": 0,
                "labels": {},
                "name": "aws-auth",
                "namespace": "kube-system",
                "resource_version": "2553",
                "uid": "8cfbfcd9-49f0-4ec1-835c-a2dd7bbf8d08"
              }
            ]
          },
          "sensitive_attributes": [],
          "private": "bnVsbA==",
          "dependencies": [
            "aws_iam_role.eks_cluster_role",
            "aws_iam_role.eks_node_role",
            "aws_key_pair.ec2_keypair",
            "data.aws_iam_policy_document.eks_assume",
            "data.aws_iam_policy_document.eks_node_assume",
            "module.eks.aws_eks_cluster.this",
            "module.eks.aws_eks_node_group.nodes",
            "module.eks.aws_security_group.eks_cluster_sg",
            "module.eks.data.template_file.aws_auth",
            "module.vpc.aws_subnet.private_subnet",
            "module.vpc.aws_subnet.public_subnet",
            "module.vpc.aws_vpc.vpc",
            "tls_private_key.ssh"
          ]
        }
      ]
    },
    {
      "module": "module.nat_gateway",
      "mode": "managed",
      "type": "aws_eip",
      "name": "nat",
      "provider": "provider[\"registry.terraform.io/hashicorp/aws\"]",
      "instances": [
        {
          "schema_version": 0,
          "attributes": {
            "address": null,
            "allocation_id": "eipalloc-0a495d9b32b0aabc3",
            "arn": "arn:aws:ec2:ap-southeast-1:689890720727:elastic-ip/eipalloc-0a495d9b32b0aabc3",
            "associate_with_private_ip": null,
            "association_id": "eipassoc-0b99537fa3de8fa3d",
            "carrier_ip": "",
            "customer_owned_ip": "",
            "customer_owned_ipv4_pool": "",
            "domain": "vpc",
            "id": "eipalloc-0a495d9b32b0aabc3",
            "instance": "",
            "ipam_pool_id": null,
            "network_border_group": "ap-southeast-1",
            "network_interface": "eni-076602367a9a478e0",
            "private_dns": "ip-10-0-1-36.ap-southeast-1.compute.internal",
            "private_ip": "10.0.1.36",
            "ptr_record": "",
            "public_dns": "ec2-47-130-54-219.ap-southeast-1.compute.amazonaws.com",
            "public_ip": "47.130.54.219",
            "public_ipv4_pool": "amazon",
            "tags": {},
            "tags_all": {},
            "timeouts": null,
            "vpc": true
          },
          "sensitive_attributes": [],
          "private": "eyJlMmJmYjczMC1lY2FhLTExZTYtOGY4OC0zNDM2M2JjN2M0YzAiOnsiZGVsZXRlIjoxODAwMDAwMDAwMDAsInJlYWQiOjkwMDAwMDAwMDAwMCwidXBkYXRlIjozMDAwMDAwMDAwMDB9fQ=="
        }
      ]
    },
    {
      "module": "module.nat_gateway",
      "mode": "managed",
      "type": "aws_nat_gateway",
      "name": "public",
      "provider": "provider[\"registry.terraform.io/hashicorp/aws\"]",
      "instances": [
        {
          "schema_version": 0,
          "attributes": {
            "allocation_id": "eipalloc-0a495d9b32b0aabc3",
            "association_id": "eipassoc-0b99537fa3de8fa3d",
            "connectivity_type": "public",
            "id": "nat-00bb40c174402fd06",
            "network_interface_id": "eni-076602367a9a478e0",
            "private_ip": "10.0.1.36",
            "public_ip": "47.130.54.219",
            "secondary_allocation_ids": [],
            "secondary_private_ip_address_count": 0,
            "secondary_private_ip_addresses": [],
            "subnet_id": "subnet-0960a80fa17cce10a",
            "tags": {
              "Name": "nat-gateway"
            },
            "tags_all": {
              "Name": "nat-gateway"
            },
            "timeouts": null
          },
          "sensitive_attributes": [],
          "private": "eyJlMmJmYjczMC1lY2FhLTExZTYtOGY4OC0zNDM2M2JjN2M0YzAiOnsiY3JlYXRlIjo2MDAwMDAwMDAwMDAsImRlbGV0ZSI6MTgwMDAwMDAwMDAwMCwidXBkYXRlIjo2MDAwMDAwMDAwMDB9fQ==",
          "dependencies": [
            "module.nat_gateway.aws_eip.nat",
            "module.vpc.aws_subnet.public_subnet",
            "module.vpc.aws_vpc.vpc"
          ]
        }
      ]
    },
    {
      "module": "module.route_table",
      "mode": "managed",
      "type": "aws_route_table",
      "name": "private",
      "provider": "provider[\"registry.terraform.io/hashicorp/aws\"]",
      "instances": [
        {
          "schema_version": 0,
          "attributes": {
            "arn": "arn:aws:ec2:ap-southeast-1:689890720727:route-table/rtb-0aaad48eac01546b2",
            "id": "rtb-0aaad48eac01546b2",
            "owner_id": "689890720727",
            "propagating_vgws": [],
            "route": [
              {
                "carrier_gateway_id": "",
                "cidr_block": "0.0.0.0/0",
                "core_network_arn": "",
                "destination_prefix_list_id": "",
                "egress_only_gateway_id": "",
                "gateway_id": "nat-00bb40c174402fd06",
                "ipv6_cidr_block": "",
                "local_gateway_id": "",
                "nat_gateway_id": "",
                "network_interface_id": "",
                "transit_gateway_id": "",
                "vpc_endpoint_id": "",
                "vpc_peering_connection_id": ""
              }
            ],
            "tags": {
              "Name": "private-route-table"
            },
            "tags_all": {
              "Name": "private-route-table"
            },
            "timeouts": null,
            "vpc_id": "vpc-090a82fe0050cada4"
          },
          "sensitive_attributes": [],
          "private": "eyJlMmJmYjczMC1lY2FhLTExZTYtOGY4OC0zNDM2M2JjN2M0YzAiOnsiY3JlYXRlIjozMDAwMDAwMDAwMDAsImRlbGV0ZSI6MzAwMDAwMDAwMDAwLCJ1cGRhdGUiOjEyMDAwMDAwMDAwMH19",
          "dependencies": [
            "module.nat_gateway.aws_eip.nat",
            "module.nat_gateway.aws_nat_gateway.public",
            "module.vpc.aws_subnet.public_subnet",
            "module.vpc.aws_vpc.vpc"
          ]
        }
      ]
    },
    {
      "module": "module.route_table",
      "mode": "managed",
      "type": "aws_route_table_association",
      "name": "public_private",
      "provider": "provider[\"registry.terraform.io/hashicorp/aws\"]",
      "instances": [
        {
          "index_key": "0",
          "schema_version": 0,
          "attributes": {
            "gateway_id": "",
            "id": "rtbassoc-0b8ad4c2d1af29daa",
            "route_table_id": "rtb-0aaad48eac01546b2",
            "subnet_id": "subnet-0b1a220c335362e57",
            "timeouts": null
          },
          "sensitive_attributes": [],
          "private": "eyJlMmJmYjczMC1lY2FhLTExZTYtOGY4OC0zNDM2M2JjN2M0YzAiOnsiY3JlYXRlIjozMDAwMDAwMDAwMDAsImRlbGV0ZSI6MzAwMDAwMDAwMDAwLCJ1cGRhdGUiOjEyMDAwMDAwMDAwMH19",
          "dependencies": [
            "module.nat_gateway.aws_eip.nat",
            "module.nat_gateway.aws_nat_gateway.public",
            "module.route_table.aws_route_table.private",
            "module.vpc.aws_subnet.private_subnet",
            "module.vpc.aws_subnet.public_subnet",
            "module.vpc.aws_vpc.vpc"
          ]
        },
        {
          "index_key": "1",
          "schema_version": 0,
          "attributes": {
            "gateway_id": "",
            "id": "rtbassoc-09bcec644b9bc63d7",
            "route_table_id": "rtb-0aaad48eac01546b2",
            "subnet_id": "subnet-02feb1be945075b18",
            "timeouts": null
          },
          "sensitive_attributes": [],
          "private": "eyJlMmJmYjczMC1lY2FhLTExZTYtOGY4OC0zNDM2M2JjN2M0YzAiOnsiY3JlYXRlIjozMDAwMDAwMDAwMDAsImRlbGV0ZSI6MzAwMDAwMDAwMDAwLCJ1cGRhdGUiOjEyMDAwMDAwMDAwMH19",
          "dependencies": [
            "module.nat_gateway.aws_eip.nat",
            "module.nat_gateway.aws_nat_gateway.public",
            "module.route_table.aws_route_table.private",
            "module.vpc.aws_subnet.private_subnet",
            "module.vpc.aws_subnet.public_subnet",
            "module.vpc.aws_vpc.vpc"
          ]
        }
      ]
    },
    {
      "module": "module.security_groups",
      "mode": "managed",
      "type": "aws_security_group",
      "name": "private",
      "provider": "provider[\"registry.terraform.io/hashicorp/aws\"]",
      "instances": [
        {
          "schema_version": 1,
          "attributes": {
            "arn": "arn:aws:ec2:ap-southeast-1:689890720727:security-group/sg-09c6c9204264e1702",
            "description": "Allow SSH inbound traffic from public instances",
            "egress": [
              {
                "cidr_blocks": [
                  "0.0.0.0/0"
                ],
                "description": "",
                "from_port": 0,
                "ipv6_cidr_blocks": [],
                "prefix_list_ids": [],
                "protocol": "-1",
                "security_groups": [],
                "self": false,
                "to_port": 0
              }
            ],
            "id": "sg-09c6c9204264e1702",
            "ingress": [
              {
                "cidr_blocks": [],
                "description": "SSH from public instances",
                "from_port": 22,
                "ipv6_cidr_blocks": [],
                "prefix_list_ids": [],
                "protocol": "tcp",
                "security_groups": [
                  "sg-02b7079f437e4ff88"
                ],
                "self": false,
                "to_port": 22
              }
            ],
            "name": "Private EC2 SG",
            "name_prefix": "",
            "owner_id": "689890720727",
            "revoke_rules_on_delete": false,
            "tags": {
              "Name": "Private EC2 SG"
            },
            "tags_all": {
              "Name": "Private EC2 SG"
            },
            "timeouts": null,
            "vpc_id": "vpc-090a82fe0050cada4"
          },
          "sensitive_attributes": [],
          "private": "eyJlMmJmYjczMC1lY2FhLTExZTYtOGY4OC0zNDM2M2JjN2M0YzAiOnsiY3JlYXRlIjo2MDAwMDAwMDAwMDAsImRlbGV0ZSI6OTAwMDAwMDAwMDAwfSwic2NoZW1hX3ZlcnNpb24iOiIxIn0=",
          "dependencies": [
            "module.security_groups.aws_security_group.public",
            "module.vpc.aws_vpc.vpc"
          ]
        }
      ]
    },
    {
      "module": "module.security_groups",
      "mode": "managed",
      "type": "aws_security_group",
      "name": "public",
      "provider": "provider[\"registry.terraform.io/hashicorp/aws\"]",
      "instances": [
        {
          "schema_version": 1,
          "attributes": {
            "arn": "arn:aws:ec2:ap-southeast-1:689890720727:security-group/sg-02b7079f437e4ff88",
            "description": "Allow SSH inbound traffic",
            "egress": [
              {
                "cidr_blocks": [
                  "0.0.0.0/0"
                ],
                "description": "",
                "from_port": 0,
                "ipv6_cidr_blocks": [],
                "prefix_list_ids": [],
                "protocol": "-1",
                "security_groups": [],
                "self": false,
                "to_port": 0
              }
            ],
            "id": "sg-02b7079f437e4ff88",
            "ingress": [
              {
                "cidr_blocks": [
                  "0.0.0.0/0"
                ],
                "description": "SSH from specific IP",
                "from_port": 22,
                "ipv6_cidr_blocks": [],
                "prefix_list_ids": [],
                "protocol": "tcp",
                "security_groups": [],
                "self": false,
                "to_port": 22
              }
            ],
            "name": "Public EC2 SG",
            "name_prefix": "",
            "owner_id": "689890720727",
            "revoke_rules_on_delete": false,
            "tags": {
              "Name": "Public EC2 SG"
            },
            "tags_all": {
              "Name": "Public EC2 SG"
            },
            "timeouts": null,
            "vpc_id": "vpc-090a82fe0050cada4"
          },
          "sensitive_attributes": [],
          "private": "eyJlMmJmYjczMC1lY2FhLTExZTYtOGY4OC0zNDM2M2JjN2M0YzAiOnsiY3JlYXRlIjo2MDAwMDAwMDAwMDAsImRlbGV0ZSI6OTAwMDAwMDAwMDAwfSwic2NoZW1hX3ZlcnNpb24iOiIxIn0=",
          "dependencies": [
            "module.vpc.aws_vpc.vpc"
          ]
        }
      ]
    },
    {
      "module": "module.vpc",
      "mode": "managed",
      "type": "aws_default_security_group",
      "name": "default",
      "provider": "provider[\"registry.terraform.io/hashicorp/aws\"]",
      "instances": [
        {
          "schema_version": 1,
          "attributes": {
            "arn": "arn:aws:ec2:ap-southeast-1:689890720727:security-group/sg-090a4dc9424efbe2b",
            "description": "default VPC security group",
            "egress": [
              {
                "cidr_blocks": [
                  "0.0.0.0/0"
                ],
                "description": "",
                "from_port": 0,
                "ipv6_cidr_blocks": [],
                "prefix_list_ids": [],
                "protocol": "-1",
                "security_groups": [],
                "self": false,
                "to_port": 0
              }
            ],
            "id": "sg-090a4dc9424efbe2b",
            "ingress": [
              {
                "cidr_blocks": [],
                "description": "",
                "from_port": 0,
                "ipv6_cidr_blocks": [],
                "prefix_list_ids": [],
                "protocol": "-1",
                "security_groups": [],
                "self": true,
                "to_port": 0
              }
            ],
            "name": "default",
            "name_prefix": "",
            "owner_id": "689890720727",
            "revoke_rules_on_delete": false,
            "tags": {
              "Name": "Default Security Group"
            },
            "tags_all": {
              "Name": "Default Security Group"
            },
            "vpc_id": "vpc-090a82fe0050cada4"
          },
          "sensitive_attributes": [],
          "private": "eyJzY2hlbWFfdmVyc2lvbiI6IjEifQ==",
          "dependencies": [
            "module.vpc.aws_vpc.vpc"
          ]
        }
      ]
    },
    {
      "module": "module.vpc",
      "mode": "managed",
      "type": "aws_internet_gateway",
      "name": "ig",
      "provider": "provider[\"registry.terraform.io/hashicorp/aws\"]",
      "instances": [
        {
          "schema_version": 0,
          "attributes": {
            "arn": "arn:aws:ec2:ap-southeast-1:689890720727:internet-gateway/igw-038b330c6782ddbe6",
            "id": "igw-038b330c6782ddbe6",
            "owner_id": "689890720727",
            "tags": {
              "Name": "internet-gateway"
            },
            "tags_all": {
              "Name": "internet-gateway"
            },
            "timeouts": null,
            "vpc_id": "vpc-090a82fe0050cada4"
          },
          "sensitive_attributes": [],
          "private": "eyJlMmJmYjczMC1lY2FhLTExZTYtOGY4OC0zNDM2M2JjN2M0YzAiOnsiY3JlYXRlIjoxMjAwMDAwMDAwMDAwLCJkZWxldGUiOjEyMDAwMDAwMDAwMDAsInVwZGF0ZSI6MTIwMDAwMDAwMDAwMH19",
          "dependencies": [
            "module.vpc.aws_vpc.vpc"
          ]
        }
      ]
    },
    {
      "module": "module.vpc",
      "mode": "managed",
      "type": "aws_route_table",
      "name": "public",
      "provider": "provider[\"registry.terraform.io/hashicorp/aws\"]",
      "instances": [
        {
          "schema_version": 0,
          "attributes": {
            "arn": "arn:aws:ec2:ap-southeast-1:689890720727:route-table/rtb-031bdd474792adccf",
            "id": "rtb-031bdd474792adccf",
            "owner_id": "689890720727",
            "propagating_vgws": [],
            "route": [
              {
                "carrier_gateway_id": "",
                "cidr_block": "0.0.0.0/0",
                "core_network_arn": "",
                "destination_prefix_list_id": "",
                "egress_only_gateway_id": "",
                "gateway_id": "igw-038b330c6782ddbe6",
                "ipv6_cidr_block": "",
                "local_gateway_id": "",
                "nat_gateway_id": "",
                "network_interface_id": "",
                "transit_gateway_id": "",
                "vpc_endpoint_id": "",
                "vpc_peering_connection_id": ""
              }
            ],
            "tags": {
              "Name": "public-route-table"
            },
            "tags_all": {
              "Name": "public-route-table"
            },
            "timeouts": null,
            "vpc_id": "vpc-090a82fe0050cada4"
          },
          "sensitive_attributes": [],
          "private": "eyJlMmJmYjczMC1lY2FhLTExZTYtOGY4OC0zNDM2M2JjN2M0YzAiOnsiY3JlYXRlIjozMDAwMDAwMDAwMDAsImRlbGV0ZSI6MzAwMDAwMDAwMDAwLCJ1cGRhdGUiOjEyMDAwMDAwMDAwMH19",
          "dependencies": [
            "module.vpc.aws_internet_gateway.ig",
            "module.vpc.aws_vpc.vpc"
          ]
        }
      ]
    },
    {
      "module": "module.vpc",
      "mode": "managed",
      "type": "aws_route_table_association",
      "name": "public_association",
      "provider": "provider[\"registry.terraform.io/hashicorp/aws\"]",
      "instances": [
        {
          "index_key": "0",
          "schema_version": 0,
          "attributes": {
            "gateway_id": "",
            "id": "rtbassoc-02815cc80d69490e0",
            "route_table_id": "rtb-031bdd474792adccf",
            "subnet_id": "subnet-0960a80fa17cce10a",
            "timeouts": null
          },
          "sensitive_attributes": [],
          "private": "eyJlMmJmYjczMC1lY2FhLTExZTYtOGY4OC0zNDM2M2JjN2M0YzAiOnsiY3JlYXRlIjozMDAwMDAwMDAwMDAsImRlbGV0ZSI6MzAwMDAwMDAwMDAwLCJ1cGRhdGUiOjEyMDAwMDAwMDAwMH19",
          "dependencies": [
            "module.vpc.aws_internet_gateway.ig",
            "module.vpc.aws_route_table.public",
            "module.vpc.aws_subnet.public_subnet",
            "module.vpc.aws_vpc.vpc"
          ]
        },
        {
          "index_key": "1",
          "schema_version": 0,
          "attributes": {
            "gateway_id": "",
            "id": "rtbassoc-0293bde261939865a",
            "route_table_id": "rtb-031bdd474792adccf",
            "subnet_id": "subnet-0c813c9107e5dce8a",
            "timeouts": null
          },
          "sensitive_attributes": [],
          "private": "eyJlMmJmYjczMC1lY2FhLTExZTYtOGY4OC0zNDM2M2JjN2M0YzAiOnsiY3JlYXRlIjozMDAwMDAwMDAwMDAsImRlbGV0ZSI6MzAwMDAwMDAwMDAwLCJ1cGRhdGUiOjEyMDAwMDAwMDAwMH19",
          "dependencies": [
            "module.vpc.aws_internet_gateway.ig",
            "module.vpc.aws_route_table.public",
            "module.vpc.aws_subnet.public_subnet",
            "module.vpc.aws_vpc.vpc"
          ]
        }
      ]
    },
    {
      "module": "module.vpc",
      "mode": "managed",
      "type": "aws_subnet",
      "name": "private_subnet",
      "provider": "provider[\"registry.terraform.io/hashicorp/aws\"]",
      "instances": [
        {
          "index_key": 0,
          "schema_version": 1,
          "attributes": {
            "arn": "arn:aws:ec2:ap-southeast-1:689890720727:subnet/subnet-0b1a220c335362e57",
            "assign_ipv6_address_on_creation": false,
            "availability_zone": "ap-southeast-1a",
            "availability_zone_id": "apse1-az2",
            "cidr_block": "10.0.2.0/24",
            "customer_owned_ipv4_pool": "",
            "enable_dns64": false,
            "enable_lni_at_device_index": 0,
            "enable_resource_name_dns_a_record_on_launch": false,
            "enable_resource_name_dns_aaaa_record_on_launch": false,
            "id": "subnet-0b1a220c335362e57",
            "ipv6_cidr_block": "",
            "ipv6_cidr_block_association_id": "",
            "ipv6_native": false,
            "map_customer_owned_ip_on_launch": false,
            "map_public_ip_on_launch": false,
            "outpost_arn": "",
            "owner_id": "689890720727",
            "private_dns_hostname_type_on_launch": "ip-name",
            "tags": {
              "Name": "private-subnet"
            },
            "tags_all": {
              "Name": "private-subnet"
            },
            "timeouts": null,
            "vpc_id": "vpc-090a82fe0050cada4"
          },
          "sensitive_attributes": [],
          "private": "eyJlMmJmYjczMC1lY2FhLTExZTYtOGY4OC0zNDM2M2JjN2M0YzAiOnsiY3JlYXRlIjo2MDAwMDAwMDAwMDAsImRlbGV0ZSI6MTIwMDAwMDAwMDAwMH0sInNjaGVtYV92ZXJzaW9uIjoiMSJ9",
          "dependencies": [
            "module.vpc.aws_vpc.vpc"
          ]
        },
        {
          "index_key": 1,
          "schema_version": 1,
          "attributes": {
            "arn": "arn:aws:ec2:ap-southeast-1:689890720727:subnet/subnet-02feb1be945075b18",
            "assign_ipv6_address_on_creation": false,
            "availability_zone": "ap-southeast-1b",
            "availability_zone_id": "apse1-az1",
            "cidr_block": "10.0.4.0/24",
            "customer_owned_ipv4_pool": "",
            "enable_dns64": false,
            "enable_lni_at_device_index": 0,
            "enable_resource_name_dns_a_record_on_launch": false,
            "enable_resource_name_dns_aaaa_record_on_launch": false,
            "id": "subnet-02feb1be945075b18",
            "ipv6_cidr_block": "",
            "ipv6_cidr_block_association_id": "",
            "ipv6_native": false,
            "map_customer_owned_ip_on_launch": false,
            "map_public_ip_on_launch": false,
            "outpost_arn": "",
            "owner_id": "689890720727",
            "private_dns_hostname_type_on_launch": "ip-name",
            "tags": {
              "Name": "private-subnet"
            },
            "tags_all": {
              "Name": "private-subnet"
            },
            "timeouts": null,
            "vpc_id": "vpc-090a82fe0050cada4"
          },
          "sensitive_attributes": [],
          "private": "eyJlMmJmYjczMC1lY2FhLTExZTYtOGY4OC0zNDM2M2JjN2M0YzAiOnsiY3JlYXRlIjo2MDAwMDAwMDAwMDAsImRlbGV0ZSI6MTIwMDAwMDAwMDAwMH0sInNjaGVtYV92ZXJzaW9uIjoiMSJ9",
          "dependencies": [
            "module.vpc.aws_vpc.vpc"
          ]
        }
      ]
    },
    {
      "module": "module.vpc",
      "mode": "managed",
      "type": "aws_subnet",
      "name": "public_subnet",
      "provider": "provider[\"registry.terraform.io/hashicorp/aws\"]",
      "instances": [
        {
          "index_key": 0,
          "schema_version": 1,
          "attributes": {
            "arn": "arn:aws:ec2:ap-southeast-1:689890720727:subnet/subnet-0960a80fa17cce10a",
            "assign_ipv6_address_on_creation": false,
            "availability_zone": "ap-southeast-1a",
            "availability_zone_id": "apse1-az2",
            "cidr_block": "10.0.1.0/24",
            "customer_owned_ipv4_pool": "",
            "enable_dns64": false,
            "enable_lni_at_device_index": 0,
            "enable_resource_name_dns_a_record_on_launch": false,
            "enable_resource_name_dns_aaaa_record_on_launch": false,
            "id": "subnet-0960a80fa17cce10a",
            "ipv6_cidr_block": "",
            "ipv6_cidr_block_association_id": "",
            "ipv6_native": false,
            "map_customer_owned_ip_on_launch": false,
            "map_public_ip_on_launch": true,
            "outpost_arn": "",
            "owner_id": "689890720727",
            "private_dns_hostname_type_on_launch": "ip-name",
            "tags": {
              "Name": "public-subnet"
            },
            "tags_all": {
              "Name": "public-subnet"
            },
            "timeouts": null,
            "vpc_id": "vpc-090a82fe0050cada4"
          },
          "sensitive_attributes": [],
          "private": "eyJlMmJmYjczMC1lY2FhLTExZTYtOGY4OC0zNDM2M2JjN2M0YzAiOnsiY3JlYXRlIjo2MDAwMDAwMDAwMDAsImRlbGV0ZSI6MTIwMDAwMDAwMDAwMH0sInNjaGVtYV92ZXJzaW9uIjoiMSJ9",
          "dependencies": [
            "module.vpc.aws_vpc.vpc"
          ]
        },
        {
          "index_key": 1,
          "schema_version": 1,
          "attributes": {
            "arn": "arn:aws:ec2:ap-southeast-1:689890720727:subnet/subnet-0c813c9107e5dce8a",
            "assign_ipv6_address_on_creation": false,
            "availability_zone": "ap-southeast-1b",
            "availability_zone_id": "apse1-az1",
            "cidr_block": "10.0.3.0/24",
            "customer_owned_ipv4_pool": "",
            "enable_dns64": false,
            "enable_lni_at_device_index": 0,
            "enable_resource_name_dns_a_record_on_launch": false,
            "enable_resource_name_dns_aaaa_record_on_launch": false,
            "id": "subnet-0c813c9107e5dce8a",
            "ipv6_cidr_block": "",
            "ipv6_cidr_block_association_id": "",
            "ipv6_native": false,
            "map_customer_owned_ip_on_launch": false,
            "map_public_ip_on_launch": true,
            "outpost_arn": "",
            "owner_id": "689890720727",
            "private_dns_hostname_type_on_launch": "ip-name",
            "tags": {
              "Name": "public-subnet"
            },
            "tags_all": {
              "Name": "public-subnet"
            },
            "timeouts": null,
            "vpc_id": "vpc-090a82fe0050cada4"
          },
          "sensitive_attributes": [],
          "private": "eyJlMmJmYjczMC1lY2FhLTExZTYtOGY4OC0zNDM2M2JjN2M0YzAiOnsiY3JlYXRlIjo2MDAwMDAwMDAwMDAsImRlbGV0ZSI6MTIwMDAwMDAwMDAwMH0sInNjaGVtYV92ZXJzaW9uIjoiMSJ9",
          "dependencies": [
            "module.vpc.aws_vpc.vpc"
          ]
        }
      ]
    },
    {
      "module": "module.vpc",
      "mode": "managed",
      "type": "aws_vpc",
      "name": "vpc",
      "provider": "provider[\"registry.terraform.io/hashicorp/aws\"]",
      "instances": [
        {
          "schema_version": 1,
          "attributes": {
            "arn": "arn:aws:ec2:ap-southeast-1:689890720727:vpc/vpc-090a82fe0050cada4",
            "assign_generated_ipv6_cidr_block": false,
            "cidr_block": "10.0.0.0/16",
            "default_network_acl_id": "acl-0b5f1b356dcdec8bf",
            "default_route_table_id": "rtb-0170edbe778780c07",
            "default_security_group_id": "sg-090a4dc9424efbe2b",
            "dhcp_options_id": "dopt-082a330436a1aa726",
            "enable_dns_hostnames": true,
            "enable_dns_support": true,
            "enable_network_address_usage_metrics": false,
            "id": "vpc-090a82fe0050cada4",
            "instance_tenancy": "default",
            "ipv4_ipam_pool_id": null,
            "ipv4_netmask_length": null,
            "ipv6_association_id": "",
            "ipv6_cidr_block": "",
            "ipv6_cidr_block_network_border_group": "",
            "ipv6_ipam_pool_id": "",
            "ipv6_netmask_length": 0,
            "main_route_table_id": "rtb-0170edbe778780c07",
            "owner_id": "689890720727",
            "tags": {
              "Name": "da_vpc"
            },
            "tags_all": {
              "Name": "da_vpc"
            }
          },
          "sensitive_attributes": [],
          "private": "eyJzY2hlbWFfdmVyc2lvbiI6IjEifQ=="
        }
      ]
    }
  ],
  "check_results": null
}
